// !$*UTF8*$!
{
	archiveVersion = 1;
	classes = {
	};
	objectVersion = 46;
	objects = {

/* Begin PBXBuildFile section */
		8B5E8D94155043A200E74CC7 /* MainMenuVC.m in Sources */ = {isa = PBXBuildFile; fileRef = 8B5E8D92155043A200E74CC7 /* MainMenuVC.m */; };
		8B5E8D97155043C600E74CC7 /* MainMenu_iPhone.xib in Resources */ = {isa = PBXBuildFile; fileRef = 8B5E8D96155043C600E74CC7 /* MainMenu_iPhone.xib */; };
		8B5E8D99155044C500E74CC7 /* MainMenu_iPad.xib in Resources */ = {isa = PBXBuildFile; fileRef = 8B5E8D98155044C500E74CC7 /* MainMenu_iPad.xib */; };
		8B5E8D9D15505C3B00E74CC7 /* StorageSelectionVC.m in Sources */ = {isa = PBXBuildFile; fileRef = 8B5E8D9B15505C3B00E74CC7 /* StorageSelectionVC.m */; };
		8B5E8D9E15505C3B00E74CC7 /* StorageSelection.xib in Resources */ = {isa = PBXBuildFile; fileRef = 8B5E8D9C15505C3B00E74CC7 /* StorageSelection.xib */; };
		8B5E8DA915505E2C00E74CC7 /* ServiceCall.m in Sources */ = {isa = PBXBuildFile; fileRef = 8B5E8DA415505E2C00E74CC7 /* ServiceCall.m */; };
		8B5E8DAA15505E2C00E74CC7 /* UIViewController+ShowError.m in Sources */ = {isa = PBXBuildFile; fileRef = 8B5E8DA615505E2C00E74CC7 /* UIViewController+ShowError.m */; };
		8B5E8DAB15505E2C00E74CC7 /* WAConfiguration.m in Sources */ = {isa = PBXBuildFile; fileRef = 8B5E8DA815505E2C00E74CC7 /* WAConfiguration.m */; };
		8B5E8E1B1550792B00E74CC7 /* MBProgressHUD.m in Sources */ = {isa = PBXBuildFile; fileRef = 8B5E8E091550792B00E74CC7 /* MBProgressHUD.m */; };
		8B5E8E1C1550792B00E74CC7 /* UIViewController+ShowLoader.m in Sources */ = {isa = PBXBuildFile; fileRef = 8B5E8E0B1550792B00E74CC7 /* UIViewController+ShowLoader.m */; };
		8B5E8E1D1550792B00E74CC7 /* libwatoolkitios.a in Frameworks */ = {isa = PBXBuildFile; fileRef = 8B5E8E0D1550792B00E74CC7 /* libwatoolkitios.a */; };
		8B5E8E2E15507D4F00E74CC7 /* WACloudStorageClientDelegate.m in Sources */ = {isa = PBXBuildFile; fileRef = 8B5E8E2D15507D4F00E74CC7 /* WACloudStorageClientDelegate.m */; };
		8B5E8E3615507E5D00E74CC7 /* TablesListVC.m in Sources */ = {isa = PBXBuildFile; fileRef = 8B5E8E3415507E5D00E74CC7 /* TablesListVC.m */; };
		8B5E8E3715507E5D00E74CC7 /* TablesList.xib in Resources */ = {isa = PBXBuildFile; fileRef = 8B5E8E3515507E5D00E74CC7 /* TablesList.xib */; };
		8B5E8E66155090BA00E74CC7 /* WASimpleBase64.m in Sources */ = {isa = PBXBuildFile; fileRef = 8B5E8E4A155090BA00E74CC7 /* WASimpleBase64.m */; };
		8B5E8E67155090BA00E74CC7 /* Logging.m in Sources */ = {isa = PBXBuildFile; fileRef = 8B5E8E4C155090BA00E74CC7 /* Logging.m */; };
		8B5E8E68155090BA00E74CC7 /* WAAtomPubEntry.m in Sources */ = {isa = PBXBuildFile; fileRef = 8B5E8E50155090BA00E74CC7 /* WAAtomPubEntry.m */; };
		8B5E8E69155090BA00E74CC7 /* WABlobParser.m in Sources */ = {isa = PBXBuildFile; fileRef = 8B5E8E52155090BA00E74CC7 /* WABlobParser.m */; };
		8B5E8E6A155090BA00E74CC7 /* WAContainerParser.m in Sources */ = {isa = PBXBuildFile; fileRef = 8B5E8E54155090BA00E74CC7 /* WAContainerParser.m */; };
		8B5E8E6B155090BA00E74CC7 /* WAQueueMessageParser.m in Sources */ = {isa = PBXBuildFile; fileRef = 8B5E8E56155090BA00E74CC7 /* WAQueueMessageParser.m */; };
		8B5E8E6C155090BA00E74CC7 /* WAQueueParser.m in Sources */ = {isa = PBXBuildFile; fileRef = 8B5E8E58155090BA00E74CC7 /* WAQueueParser.m */; };
		8B5E8E6D155090BA00E74CC7 /* WAXMLHelper.m in Sources */ = {isa = PBXBuildFile; fileRef = 8B5E8E5A155090BA00E74CC7 /* WAXMLHelper.m */; };
		8B5E8E6E155090BA00E74CC7 /* WAAzureFilterBuilder.m in Sources */ = {isa = PBXBuildFile; fileRef = 8B5E8E5D155090BA00E74CC7 /* WAAzureFilterBuilder.m */; };
		8B5E8E6F155090BA00E74CC7 /* WAPredicateParser.m in Sources */ = {isa = PBXBuildFile; fileRef = 8B5E8E5F155090BA00E74CC7 /* WAPredicateParser.m */; };
		8B5E8E70155090BA00E74CC7 /* WACloudURLRequest.m in Sources */ = {isa = PBXBuildFile; fileRef = 8B5E8E62155090BA00E74CC7 /* WACloudURLRequest.m */; };
		8B7D251E155028ED002370D1 /* UIKit.framework in Frameworks */ = {isa = PBXBuildFile; fileRef = 8B7D251D155028ED002370D1 /* UIKit.framework */; };
		8B7D2520155028ED002370D1 /* Foundation.framework in Frameworks */ = {isa = PBXBuildFile; fileRef = 8B7D251F155028ED002370D1 /* Foundation.framework */; };
		8B7D2522155028ED002370D1 /* CoreGraphics.framework in Frameworks */ = {isa = PBXBuildFile; fileRef = 8B7D2521155028ED002370D1 /* CoreGraphics.framework */; };
		8B7D2528155028ED002370D1 /* InfoPlist.strings in Resources */ = {isa = PBXBuildFile; fileRef = 8B7D2526155028ED002370D1 /* InfoPlist.strings */; };
		8B7D252A155028ED002370D1 /* main.m in Sources */ = {isa = PBXBuildFile; fileRef = 8B7D2529155028ED002370D1 /* main.m */; };
		8B7D252E155028ED002370D1 /* AppDelegate.m in Sources */ = {isa = PBXBuildFile; fileRef = 8B7D252D155028ED002370D1 /* AppDelegate.m */; };
		8B7D256D15503879002370D1 /* libxml2.2.dylib in Frameworks */ = {isa = PBXBuildFile; fileRef = 8B7D256C15503879002370D1 /* libxml2.2.dylib */; };
/* End PBXBuildFile section */

/* Begin PBXFileReference section */
		8B5E8D91155043A200E74CC7 /* MainMenuVC.h */ = {isa = PBXFileReference; fileEncoding = 4; lastKnownFileType = sourcecode.c.h; path = MainMenuVC.h; sourceTree = "<group>"; };
		8B5E8D92155043A200E74CC7 /* MainMenuVC.m */ = {isa = PBXFileReference; fileEncoding = 4; lastKnownFileType = sourcecode.c.objc; path = MainMenuVC.m; sourceTree = "<group>"; };
		8B5E8D96155043C600E74CC7 /* MainMenu_iPhone.xib */ = {isa = PBXFileReference; fileEncoding = 4; lastKnownFileType = file.xib; path = MainMenu_iPhone.xib; sourceTree = "<group>"; };
		8B5E8D98155044C500E74CC7 /* MainMenu_iPad.xib */ = {isa = PBXFileReference; fileEncoding = 4; lastKnownFileType = file.xib; path = MainMenu_iPad.xib; sourceTree = "<group>"; };
		8B5E8D9A15505C3B00E74CC7 /* StorageSelectionVC.h */ = {isa = PBXFileReference; fileEncoding = 4; lastKnownFileType = sourcecode.c.h; path = StorageSelectionVC.h; sourceTree = "<group>"; };
		8B5E8D9B15505C3B00E74CC7 /* StorageSelectionVC.m */ = {isa = PBXFileReference; fileEncoding = 4; lastKnownFileType = sourcecode.c.objc; path = StorageSelectionVC.m; sourceTree = "<group>"; };
		8B5E8D9C15505C3B00E74CC7 /* StorageSelection.xib */ = {isa = PBXFileReference; fileEncoding = 4; lastKnownFileType = file.xib; path = StorageSelection.xib; sourceTree = "<group>"; };
		8B5E8DA315505E2C00E74CC7 /* ServiceCall.h */ = {isa = PBXFileReference; fileEncoding = 4; lastKnownFileType = sourcecode.c.h; path = ServiceCall.h; sourceTree = "<group>"; };
		8B5E8DA415505E2C00E74CC7 /* ServiceCall.m */ = {isa = PBXFileReference; fileEncoding = 4; lastKnownFileType = sourcecode.c.objc; path = ServiceCall.m; sourceTree = "<group>"; };
		8B5E8DA515505E2C00E74CC7 /* UIViewController+ShowError.h */ = {isa = PBXFileReference; fileEncoding = 4; lastKnownFileType = sourcecode.c.h; path = "UIViewController+ShowError.h"; sourceTree = "<group>"; };
		8B5E8DA615505E2C00E74CC7 /* UIViewController+ShowError.m */ = {isa = PBXFileReference; fileEncoding = 4; lastKnownFileType = sourcecode.c.objc; path = "UIViewController+ShowError.m"; sourceTree = "<group>"; };
		8B5E8DA715505E2C00E74CC7 /* WAConfiguration.h */ = {isa = PBXFileReference; fileEncoding = 4; lastKnownFileType = sourcecode.c.h; path = WAConfiguration.h; sourceTree = "<group>"; };
		8B5E8DA815505E2C00E74CC7 /* WAConfiguration.m */ = {isa = PBXFileReference; fileEncoding = 4; lastKnownFileType = sourcecode.c.objc; path = WAConfiguration.m; sourceTree = "<group>"; };
		8B5E8DAC15505E3A00E74CC7 /* Properties.h */ = {isa = PBXFileReference; fileEncoding = 4; lastKnownFileType = sourcecode.c.h; path = Properties.h; sourceTree = "<group>"; };
		8B5E8E081550792B00E74CC7 /* MBProgressHUD.h */ = {isa = PBXFileReference; fileEncoding = 4; lastKnownFileType = sourcecode.c.h; path = MBProgressHUD.h; sourceTree = "<group>"; };
		8B5E8E091550792B00E74CC7 /* MBProgressHUD.m */ = {isa = PBXFileReference; fileEncoding = 4; lastKnownFileType = sourcecode.c.objc; path = MBProgressHUD.m; sourceTree = "<group>"; };
		8B5E8E0A1550792B00E74CC7 /* UIViewController+ShowLoader.h */ = {isa = PBXFileReference; fileEncoding = 4; lastKnownFileType = sourcecode.c.h; path = "UIViewController+ShowLoader.h"; sourceTree = "<group>"; };
		8B5E8E0B1550792B00E74CC7 /* UIViewController+ShowLoader.m */ = {isa = PBXFileReference; fileEncoding = 4; lastKnownFileType = sourcecode.c.objc; path = "UIViewController+ShowLoader.m"; sourceTree = "<group>"; };
		8B5E8E0D1550792B00E74CC7 /* libwatoolkitios.a */ = {isa = PBXFileReference; lastKnownFileType = archive.ar; path = libwatoolkitios.a; sourceTree = "<group>"; };
		8B5E8E0F1550792B00E74CC7 /* WAAuthenticationCredential.h */ = {isa = PBXFileReference; fileEncoding = 4; lastKnownFileType = sourcecode.c.h; path = WAAuthenticationCredential.h; sourceTree = "<group>"; };
		8B5E8E101550792B00E74CC7 /* WABlob.h */ = {isa = PBXFileReference; fileEncoding = 4; lastKnownFileType = sourcecode.c.h; path = WABlob.h; sourceTree = "<group>"; };
		8B5E8E111550792B00E74CC7 /* WABlobContainer.h */ = {isa = PBXFileReference; fileEncoding = 4; lastKnownFileType = sourcecode.c.h; path = WABlobContainer.h; sourceTree = "<group>"; };
		8B5E8E121550792B00E74CC7 /* WACloudAccessControlClient.h */ = {isa = PBXFileReference; fileEncoding = 4; lastKnownFileType = sourcecode.c.h; path = WACloudAccessControlClient.h; sourceTree = "<group>"; };
		8B5E8E131550792B00E74CC7 /* WACloudAccessToken.h */ = {isa = PBXFileReference; fileEncoding = 4; lastKnownFileType = sourcecode.c.h; path = WACloudAccessToken.h; sourceTree = "<group>"; };
		8B5E8E141550792B00E74CC7 /* WACloudStorageClient.h */ = {isa = PBXFileReference; fileEncoding = 4; lastKnownFileType = sourcecode.c.h; path = WACloudStorageClient.h; sourceTree = "<group>"; };
		8B5E8E151550792B00E74CC7 /* WAQueue.h */ = {isa = PBXFileReference; fileEncoding = 4; lastKnownFileType = sourcecode.c.h; path = WAQueue.h; sourceTree = "<group>"; };
		8B5E8E161550792B00E74CC7 /* WAQueueMessage.h */ = {isa = PBXFileReference; fileEncoding = 4; lastKnownFileType = sourcecode.c.h; path = WAQueueMessage.h; sourceTree = "<group>"; };
		8B5E8E171550792B00E74CC7 /* WAResultContinuation.h */ = {isa = PBXFileReference; fileEncoding = 4; lastKnownFileType = sourcecode.c.h; path = WAResultContinuation.h; sourceTree = "<group>"; };
		8B5E8E181550792B00E74CC7 /* WATableEntity.h */ = {isa = PBXFileReference; fileEncoding = 4; lastKnownFileType = sourcecode.c.h; path = WATableEntity.h; sourceTree = "<group>"; };
		8B5E8E191550792B00E74CC7 /* WATableFetchRequest.h */ = {isa = PBXFileReference; fileEncoding = 4; lastKnownFileType = sourcecode.c.h; path = WATableFetchRequest.h; sourceTree = "<group>"; };
		8B5E8E1A1550792B00E74CC7 /* WAToolkit.h */ = {isa = PBXFileReference; fileEncoding = 4; lastKnownFileType = sourcecode.c.h; path = WAToolkit.h; sourceTree = "<group>"; };
		8B5E8E2C15507D4F00E74CC7 /* WACloudStorageClientDelegate.h */ = {isa = PBXFileReference; fileEncoding = 4; lastKnownFileType = sourcecode.c.h; path = WACloudStorageClientDelegate.h; sourceTree = "<group>"; };
		8B5E8E2D15507D4F00E74CC7 /* WACloudStorageClientDelegate.m */ = {isa = PBXFileReference; fileEncoding = 4; lastKnownFileType = sourcecode.c.objc; path = WACloudStorageClientDelegate.m; sourceTree = "<group>"; };
		8B5E8E3315507E5D00E74CC7 /* TablesListVC.h */ = {isa = PBXFileReference; fileEncoding = 4; lastKnownFileType = sourcecode.c.h; path = TablesListVC.h; sourceTree = "<group>"; };
		8B5E8E3415507E5D00E74CC7 /* TablesListVC.m */ = {isa = PBXFileReference; fileEncoding = 4; lastKnownFileType = sourcecode.c.objc; path = TablesListVC.m; sourceTree = "<group>"; };
		8B5E8E3515507E5D00E74CC7 /* TablesList.xib */ = {isa = PBXFileReference; fileEncoding = 4; lastKnownFileType = file.xib; path = TablesList.xib; sourceTree = "<group>"; };
		8B5E8E49155090BA00E74CC7 /* WASimpleBase64.h */ = {isa = PBXFileReference; fileEncoding = 4; lastKnownFileType = sourcecode.c.h; path = WASimpleBase64.h; sourceTree = "<group>"; };
		8B5E8E4A155090BA00E74CC7 /* WASimpleBase64.m */ = {isa = PBXFileReference; fileEncoding = 4; lastKnownFileType = sourcecode.c.objc; path = WASimpleBase64.m; sourceTree = "<group>"; };
		8B5E8E4B155090BA00E74CC7 /* Logging.h */ = {isa = PBXFileReference; fileEncoding = 4; lastKnownFileType = sourcecode.c.h; path = Logging.h; sourceTree = "<group>"; };
		8B5E8E4C155090BA00E74CC7 /* Logging.m */ = {isa = PBXFileReference; fileEncoding = 4; lastKnownFileType = sourcecode.c.objc; path = Logging.m; sourceTree = "<group>"; };
		8B5E8E4D155090BA00E74CC7 /* NSString+URLEncode.h */ = {isa = PBXFileReference; fileEncoding = 4; lastKnownFileType = sourcecode.c.h; path = "NSString+URLEncode.h"; sourceTree = "<group>"; };
		8B5E8E4F155090BA00E74CC7 /* WAAtomPubEntry.h */ = {isa = PBXFileReference; fileEncoding = 4; lastKnownFileType = sourcecode.c.h; path = WAAtomPubEntry.h; sourceTree = "<group>"; };
		8B5E8E50155090BA00E74CC7 /* WAAtomPubEntry.m */ = {isa = PBXFileReference; fileEncoding = 4; lastKnownFileType = sourcecode.c.objc; path = WAAtomPubEntry.m; sourceTree = "<group>"; };
		8B5E8E51155090BA00E74CC7 /* WABlobParser.h */ = {isa = PBXFileReference; fileEncoding = 4; lastKnownFileType = sourcecode.c.h; path = WABlobParser.h; sourceTree = "<group>"; };
		8B5E8E52155090BA00E74CC7 /* WABlobParser.m */ = {isa = PBXFileReference; fileEncoding = 4; lastKnownFileType = sourcecode.c.objc; path = WABlobParser.m; sourceTree = "<group>"; };
		8B5E8E53155090BA00E74CC7 /* WAContainerParser.h */ = {isa = PBXFileReference; fileEncoding = 4; lastKnownFileType = sourcecode.c.h; path = WAContainerParser.h; sourceTree = "<group>"; };
		8B5E8E54155090BA00E74CC7 /* WAContainerParser.m */ = {isa = PBXFileReference; fileEncoding = 4; lastKnownFileType = sourcecode.c.objc; path = WAContainerParser.m; sourceTree = "<group>"; };
		8B5E8E55155090BA00E74CC7 /* WAQueueMessageParser.h */ = {isa = PBXFileReference; fileEncoding = 4; lastKnownFileType = sourcecode.c.h; path = WAQueueMessageParser.h; sourceTree = "<group>"; };
		8B5E8E56155090BA00E74CC7 /* WAQueueMessageParser.m */ = {isa = PBXFileReference; fileEncoding = 4; lastKnownFileType = sourcecode.c.objc; path = WAQueueMessageParser.m; sourceTree = "<group>"; };
		8B5E8E57155090BA00E74CC7 /* WAQueueParser.h */ = {isa = PBXFileReference; fileEncoding = 4; lastKnownFileType = sourcecode.c.h; path = WAQueueParser.h; sourceTree = "<group>"; };
		8B5E8E58155090BA00E74CC7 /* WAQueueParser.m */ = {isa = PBXFileReference; fileEncoding = 4; lastKnownFileType = sourcecode.c.objc; path = WAQueueParser.m; sourceTree = "<group>"; };
		8B5E8E59155090BA00E74CC7 /* WAXMLHelper.h */ = {isa = PBXFileReference; fileEncoding = 4; lastKnownFileType = sourcecode.c.h; path = WAXMLHelper.h; sourceTree = "<group>"; };
		8B5E8E5A155090BA00E74CC7 /* WAXMLHelper.m */ = {isa = PBXFileReference; fileEncoding = 4; lastKnownFileType = sourcecode.c.objc; path = WAXMLHelper.m; sourceTree = "<group>"; };
		8B5E8E5C155090BA00E74CC7 /* WAAzureFilterBuilder.h */ = {isa = PBXFileReference; fileEncoding = 4; lastKnownFileType = sourcecode.c.h; path = WAAzureFilterBuilder.h; sourceTree = "<group>"; };
		8B5E8E5D155090BA00E74CC7 /* WAAzureFilterBuilder.m */ = {isa = PBXFileReference; fileEncoding = 4; lastKnownFileType = sourcecode.c.objc; path = WAAzureFilterBuilder.m; sourceTree = "<group>"; };
		8B5E8E5E155090BA00E74CC7 /* WAPredicateParser.h */ = {isa = PBXFileReference; fileEncoding = 4; lastKnownFileType = sourcecode.c.h; path = WAPredicateParser.h; sourceTree = "<group>"; };
		8B5E8E5F155090BA00E74CC7 /* WAPredicateParser.m */ = {isa = PBXFileReference; fileEncoding = 4; lastKnownFileType = sourcecode.c.objc; path = WAPredicateParser.m; sourceTree = "<group>"; };
		8B5E8E60155090BA00E74CC7 /* WAAuthenticationCredential+Private.h */ = {isa = PBXFileReference; fileEncoding = 4; lastKnownFileType = sourcecode.c.h; path = "WAAuthenticationCredential+Private.h"; sourceTree = "<group>"; };
		8B5E8E61155090BA00E74CC7 /* WACloudURLRequest.h */ = {isa = PBXFileReference; fileEncoding = 4; lastKnownFileType = sourcecode.c.h; path = WACloudURLRequest.h; sourceTree = "<group>"; };
		8B5E8E62155090BA00E74CC7 /* WACloudURLRequest.m */ = {isa = PBXFileReference; fileEncoding = 4; lastKnownFileType = sourcecode.c.objc; path = WACloudURLRequest.m; sourceTree = "<group>"; };
		8B7D2519155028ED002370D1 /* AzureManager.app */ = {isa = PBXFileReference; explicitFileType = wrapper.application; includeInIndex = 0; path = AzureManager.app; sourceTree = BUILT_PRODUCTS_DIR; };
		8B7D251D155028ED002370D1 /* UIKit.framework */ = {isa = PBXFileReference; lastKnownFileType = wrapper.framework; name = UIKit.framework; path = System/Library/Frameworks/UIKit.framework; sourceTree = SDKROOT; };
		8B7D251F155028ED002370D1 /* Foundation.framework */ = {isa = PBXFileReference; lastKnownFileType = wrapper.framework; name = Foundation.framework; path = System/Library/Frameworks/Foundation.framework; sourceTree = SDKROOT; };
		8B7D2521155028ED002370D1 /* CoreGraphics.framework */ = {isa = PBXFileReference; lastKnownFileType = wrapper.framework; name = CoreGraphics.framework; path = System/Library/Frameworks/CoreGraphics.framework; sourceTree = SDKROOT; };
		8B7D2525155028ED002370D1 /* AzureManager-Info.plist */ = {isa = PBXFileReference; lastKnownFileType = text.plist.xml; path = "AzureManager-Info.plist"; sourceTree = "<group>"; };
		8B7D2527155028ED002370D1 /* en */ = {isa = PBXFileReference; lastKnownFileType = text.plist.strings; name = en; path = en.lproj/InfoPlist.strings; sourceTree = "<group>"; };
		8B7D2529155028ED002370D1 /* main.m */ = {isa = PBXFileReference; lastKnownFileType = sourcecode.c.objc; path = main.m; sourceTree = "<group>"; };
		8B7D252B155028ED002370D1 /* AzureManager-Prefix.pch */ = {isa = PBXFileReference; lastKnownFileType = sourcecode.c.h; path = "AzureManager-Prefix.pch"; sourceTree = "<group>"; };
		8B7D252C155028ED002370D1 /* AppDelegate.h */ = {isa = PBXFileReference; lastKnownFileType = sourcecode.c.h; path = AppDelegate.h; sourceTree = "<group>"; };
		8B7D252D155028ED002370D1 /* AppDelegate.m */ = {isa = PBXFileReference; lastKnownFileType = sourcecode.c.objc; path = AppDelegate.m; sourceTree = "<group>"; };
		8B7D256C15503879002370D1 /* libxml2.2.dylib */ = {isa = PBXFileReference; lastKnownFileType = "compiled.mach-o.dylib"; name = libxml2.2.dylib; path = usr/lib/libxml2.2.dylib; sourceTree = SDKROOT; };
/* End PBXFileReference section */

/* Begin PBXFrameworksBuildPhase section */
		8B7D2516155028ED002370D1 /* Frameworks */ = {
			isa = PBXFrameworksBuildPhase;
			buildActionMask = 2147483647;
			files = (
				8B7D256D15503879002370D1 /* libxml2.2.dylib in Frameworks */,
				8B7D251E155028ED002370D1 /* UIKit.framework in Frameworks */,
				8B7D2520155028ED002370D1 /* Foundation.framework in Frameworks */,
				8B7D2522155028ED002370D1 /* CoreGraphics.framework in Frameworks */,
				8B5E8E1D1550792B00E74CC7 /* libwatoolkitios.a in Frameworks */,
			);
			runOnlyForDeploymentPostprocessing = 0;
		};
/* End PBXFrameworksBuildPhase section */

/* Begin PBXGroup section */
		8B5E8D9F15505C4100E74CC7 /* Storage Classes */ = {
			isa = PBXGroup;
			children = (
				8B5E8D9A15505C3B00E74CC7 /* StorageSelectionVC.h */,
				8B5E8D9B15505C3B00E74CC7 /* StorageSelectionVC.m */,
				8B5E8D9C15505C3B00E74CC7 /* StorageSelection.xib */,
				8B5E8E3315507E5D00E74CC7 /* TablesListVC.h */,
				8B5E8E3415507E5D00E74CC7 /* TablesListVC.m */,
				8B5E8E3515507E5D00E74CC7 /* TablesList.xib */,
			);
			name = "Storage Classes";
			sourceTree = "<group>";
		};
		8B5E8DA015505C4C00E74CC7 /* Monitoring Classes */ = {
			isa = PBXGroup;
			children = (
			);
			name = "Monitoring Classes";
			sourceTree = "<group>";
		};
		8B5E8DA115505C5200E74CC7 /* Management Classes */ = {
			isa = PBXGroup;
			children = (
			);
			name = "Management Classes";
			sourceTree = "<group>";
		};
		8B5E8DA215505E2C00E74CC7 /* Configuration */ = {
			isa = PBXGroup;
			children = (
				8B5E8DAC15505E3A00E74CC7 /* Properties.h */,
				8B5E8E2C15507D4F00E74CC7 /* WACloudStorageClientDelegate.h */,
				8B5E8E2D15507D4F00E74CC7 /* WACloudStorageClientDelegate.m */,
				8B5E8DA315505E2C00E74CC7 /* ServiceCall.h */,
				8B5E8DA415505E2C00E74CC7 /* ServiceCall.m */,
				8B5E8DA515505E2C00E74CC7 /* UIViewController+ShowError.h */,
				8B5E8DA615505E2C00E74CC7 /* UIViewController+ShowError.m */,
				8B5E8DA715505E2C00E74CC7 /* WAConfiguration.h */,
				8B5E8DA815505E2C00E74CC7 /* WAConfiguration.m */,
			);
			path = Configuration;
			sourceTree = "<group>";
		};
		8B5E8E061550792B00E74CC7 /* ThirdPartyLibs */ = {
			isa = PBXGroup;
			children = (
				8B5E8E40155090BA00E74CC7 /* Private */,
				8B5E8E071550792B00E74CC7 /* MBProgressHUD */,
				8B5E8E0C1550792B00E74CC7 /* WAToolkit */,
			);
			path = ThirdPartyLibs;
			sourceTree = "<group>";
		};
		8B5E8E071550792B00E74CC7 /* MBProgressHUD */ = {
			isa = PBXGroup;
			children = (
				8B5E8E081550792B00E74CC7 /* MBProgressHUD.h */,
				8B5E8E091550792B00E74CC7 /* MBProgressHUD.m */,
				8B5E8E0A1550792B00E74CC7 /* UIViewController+ShowLoader.h */,
				8B5E8E0B1550792B00E74CC7 /* UIViewController+ShowLoader.m */,
			);
			path = MBProgressHUD;
			sourceTree = "<group>";
		};
		8B5E8E0C1550792B00E74CC7 /* WAToolkit */ = {
			isa = PBXGroup;
			children = (
				8B5E8E0D1550792B00E74CC7 /* libwatoolkitios.a */,
				8B5E8E0E1550792B00E74CC7 /* watoolkitios-lib */,
			);
			path = WAToolkit;
			sourceTree = "<group>";
		};
		8B5E8E0E1550792B00E74CC7 /* watoolkitios-lib */ = {
			isa = PBXGroup;
			children = (
				8B5E8E0F1550792B00E74CC7 /* WAAuthenticationCredential.h */,
				8B5E8E101550792B00E74CC7 /* WABlob.h */,
				8B5E8E111550792B00E74CC7 /* WABlobContainer.h */,
				8B5E8E121550792B00E74CC7 /* WACloudAccessControlClient.h */,
				8B5E8E131550792B00E74CC7 /* WACloudAccessToken.h */,
				8B5E8E141550792B00E74CC7 /* WACloudStorageClient.h */,
				8B5E8E151550792B00E74CC7 /* WAQueue.h */,
				8B5E8E161550792B00E74CC7 /* WAQueueMessage.h */,
				8B5E8E171550792B00E74CC7 /* WAResultContinuation.h */,
				8B5E8E181550792B00E74CC7 /* WATableEntity.h */,
				8B5E8E191550792B00E74CC7 /* WATableFetchRequest.h */,
				8B5E8E1A1550792B00E74CC7 /* WAToolkit.h */,
			);
			path = "watoolkitios-lib";
			sourceTree = "<group>";
		};
		8B5E8E40155090BA00E74CC7 /* Private */ = {
			isa = PBXGroup;
			children = (
				8B5E8E48155090BA00E74CC7 /* Base64 */,
				8B5E8E4B155090BA00E74CC7 /* Logging.h */,
				8B5E8E4C155090BA00E74CC7 /* Logging.m */,
				8B5E8E4D155090BA00E74CC7 /* NSString+URLEncode.h */,
				8B5E8E4E155090BA00E74CC7 /* Parser */,
				8B5E8E5B155090BA00E74CC7 /* PredicateConverter */,
				8B5E8E60155090BA00E74CC7 /* WAAuthenticationCredential+Private.h */,
				8B5E8E61155090BA00E74CC7 /* WACloudURLRequest.h */,
				8B5E8E62155090BA00E74CC7 /* WACloudURLRequest.m */,
			);
			path = Private;
			sourceTree = "<group>";
		};
		8B5E8E48155090BA00E74CC7 /* Base64 */ = {
			isa = PBXGroup;
			children = (
				8B5E8E49155090BA00E74CC7 /* WASimpleBase64.h */,
				8B5E8E4A155090BA00E74CC7 /* WASimpleBase64.m */,
			);
			path = Base64;
			sourceTree = "<group>";
		};
		8B5E8E4E155090BA00E74CC7 /* Parser */ = {
			isa = PBXGroup;
			children = (
				8B5E8E4F155090BA00E74CC7 /* WAAtomPubEntry.h */,
				8B5E8E50155090BA00E74CC7 /* WAAtomPubEntry.m */,
				8B5E8E51155090BA00E74CC7 /* WABlobParser.h */,
				8B5E8E52155090BA00E74CC7 /* WABlobParser.m */,
				8B5E8E53155090BA00E74CC7 /* WAContainerParser.h */,
				8B5E8E54155090BA00E74CC7 /* WAContainerParser.m */,
				8B5E8E55155090BA00E74CC7 /* WAQueueMessageParser.h */,
				8B5E8E56155090BA00E74CC7 /* WAQueueMessageParser.m */,
				8B5E8E57155090BA00E74CC7 /* WAQueueParser.h */,
				8B5E8E58155090BA00E74CC7 /* WAQueueParser.m */,
				8B5E8E59155090BA00E74CC7 /* WAXMLHelper.h */,
				8B5E8E5A155090BA00E74CC7 /* WAXMLHelper.m */,
			);
			path = Parser;
			sourceTree = "<group>";
		};
		8B5E8E5B155090BA00E74CC7 /* PredicateConverter */ = {
			isa = PBXGroup;
			children = (
				8B5E8E5C155090BA00E74CC7 /* WAAzureFilterBuilder.h */,
				8B5E8E5D155090BA00E74CC7 /* WAAzureFilterBuilder.m */,
				8B5E8E5E155090BA00E74CC7 /* WAPredicateParser.h */,
				8B5E8E5F155090BA00E74CC7 /* WAPredicateParser.m */,
			);
			path = PredicateConverter;
			sourceTree = "<group>";
		};
		8B7D250E155028EC002370D1 = {
			isa = PBXGroup;
			children = (
				8B7D2523155028ED002370D1 /* AzureManager */,
				8B7D251C155028ED002370D1 /* Frameworks */,
				8B7D251A155028ED002370D1 /* Products */,
			);
			sourceTree = "<group>";
		};
		8B7D251A155028ED002370D1 /* Products */ = {
			isa = PBXGroup;
			children = (
				8B7D2519155028ED002370D1 /* AzureManager.app */,
			);
			name = Products;
			sourceTree = "<group>";
		};
		8B7D251C155028ED002370D1 /* Frameworks */ = {
			isa = PBXGroup;
			children = (
				8B7D256C15503879002370D1 /* libxml2.2.dylib */,
				8B7D251D155028ED002370D1 /* UIKit.framework */,
				8B7D251F155028ED002370D1 /* Foundation.framework */,
				8B7D2521155028ED002370D1 /* CoreGraphics.framework */,
			);
			name = Frameworks;
			sourceTree = "<group>";
		};
		8B7D2523155028ED002370D1 /* AzureManager */ = {
			isa = PBXGroup;
			children = (
				8B5E8E061550792B00E74CC7 /* ThirdPartyLibs */,
				8B5E8DA215505E2C00E74CC7 /* Configuration */,
				8B7D252C155028ED002370D1 /* AppDelegate.h */,
				8B7D252D155028ED002370D1 /* AppDelegate.m */,
				8B5E8D91155043A200E74CC7 /* MainMenuVC.h */,
				8B5E8D92155043A200E74CC7 /* MainMenuVC.m */,
				8B5E8D96155043C600E74CC7 /* MainMenu_iPhone.xib */,
				8B5E8D98155044C500E74CC7 /* MainMenu_iPad.xib */,
				8B5E8D9F15505C4100E74CC7 /* Storage Classes */,
				8B5E8DA015505C4C00E74CC7 /* Monitoring Classes */,
				8B5E8DA115505C5200E74CC7 /* Management Classes */,
				8B7D2524155028ED002370D1 /* Supporting Files */,
			);
			path = AzureManager;
			sourceTree = "<group>";
		};
		8B7D2524155028ED002370D1 /* Supporting Files */ = {
			isa = PBXGroup;
			children = (
				8B7D2525155028ED002370D1 /* AzureManager-Info.plist */,
				8B7D2526155028ED002370D1 /* InfoPlist.strings */,
				8B7D2529155028ED002370D1 /* main.m */,
				8B7D252B155028ED002370D1 /* AzureManager-Prefix.pch */,
			);
			name = "Supporting Files";
			sourceTree = "<group>";
		};
/* End PBXGroup section */

/* Begin PBXNativeTarget section */
		8B7D2518155028ED002370D1 /* AzureManager */ = {
			isa = PBXNativeTarget;
			buildConfigurationList = 8B7D253A155028ED002370D1 /* Build configuration list for PBXNativeTarget "AzureManager" */;
			buildPhases = (
				8B7D2515155028ED002370D1 /* Sources */,
				8B7D2516155028ED002370D1 /* Frameworks */,
				8B7D2517155028ED002370D1 /* Resources */,
			);
			buildRules = (
			);
			dependencies = (
			);
			name = AzureManager;
			productName = AzureManager;
			productReference = 8B7D2519155028ED002370D1 /* AzureManager.app */;
			productType = "com.apple.product-type.application";
		};
/* End PBXNativeTarget section */

/* Begin PBXProject section */
		8B7D2510155028EC002370D1 /* Project object */ = {
			isa = PBXProject;
			attributes = {
				LastUpgradeCheck = 0430;
				ORGANIZATIONNAME = "Vurgood Apps";
			};
			buildConfigurationList = 8B7D2513155028EC002370D1 /* Build configuration list for PBXProject "AzureManager" */;
			compatibilityVersion = "Xcode 3.2";
			developmentRegion = English;
			hasScannedForEncodings = 0;
			knownRegions = (
				en,
			);
			mainGroup = 8B7D250E155028EC002370D1;
			productRefGroup = 8B7D251A155028ED002370D1 /* Products */;
			projectDirPath = "";
			projectRoot = "";
			targets = (
				8B7D2518155028ED002370D1 /* AzureManager */,
			);
		};
/* End PBXProject section */

/* Begin PBXResourcesBuildPhase section */
		8B7D2517155028ED002370D1 /* Resources */ = {
			isa = PBXResourcesBuildPhase;
			buildActionMask = 2147483647;
			files = (
				8B7D2528155028ED002370D1 /* InfoPlist.strings in Resources */,
				8B5E8D97155043C600E74CC7 /* MainMenu_iPhone.xib in Resources */,
				8B5E8D99155044C500E74CC7 /* MainMenu_iPad.xib in Resources */,
				8B5E8D9E15505C3B00E74CC7 /* StorageSelection.xib in Resources */,
				8B5E8E3715507E5D00E74CC7 /* TablesList.xib in Resources */,
			);
			runOnlyForDeploymentPostprocessing = 0;
		};
/* End PBXResourcesBuildPhase section */

/* Begin PBXSourcesBuildPhase section */
		8B7D2515155028ED002370D1 /* Sources */ = {
			isa = PBXSourcesBuildPhase;
			buildActionMask = 2147483647;
			files = (
				8B7D252A155028ED002370D1 /* main.m in Sources */,
				8B7D252E155028ED002370D1 /* AppDelegate.m in Sources */,
				8B5E8D94155043A200E74CC7 /* MainMenuVC.m in Sources */,
				8B5E8D9D15505C3B00E74CC7 /* StorageSelectionVC.m in Sources */,
				8B5E8DA915505E2C00E74CC7 /* ServiceCall.m in Sources */,
				8B5E8DAA15505E2C00E74CC7 /* UIViewController+ShowError.m in Sources */,
				8B5E8DAB15505E2C00E74CC7 /* WAConfiguration.m in Sources */,
				8B5E8E1B1550792B00E74CC7 /* MBProgressHUD.m in Sources */,
				8B5E8E1C1550792B00E74CC7 /* UIViewController+ShowLoader.m in Sources */,
				8B5E8E2E15507D4F00E74CC7 /* WACloudStorageClientDelegate.m in Sources */,
				8B5E8E3615507E5D00E74CC7 /* TablesListVC.m in Sources */,
				8B5E8E66155090BA00E74CC7 /* WASimpleBase64.m in Sources */,
				8B5E8E67155090BA00E74CC7 /* Logging.m in Sources */,
				8B5E8E68155090BA00E74CC7 /* WAAtomPubEntry.m in Sources */,
				8B5E8E69155090BA00E74CC7 /* WABlobParser.m in Sources */,
				8B5E8E6A155090BA00E74CC7 /* WAContainerParser.m in Sources */,
				8B5E8E6B155090BA00E74CC7 /* WAQueueMessageParser.m in Sources */,
				8B5E8E6C155090BA00E74CC7 /* WAQueueParser.m in Sources */,
				8B5E8E6D155090BA00E74CC7 /* WAXMLHelper.m in Sources */,
				8B5E8E6E155090BA00E74CC7 /* WAAzureFilterBuilder.m in Sources */,
				8B5E8E6F155090BA00E74CC7 /* WAPredicateParser.m in Sources */,
				8B5E8E70155090BA00E74CC7 /* WACloudURLRequest.m in Sources */,
			);
			runOnlyForDeploymentPostprocessing = 0;
		};
/* End PBXSourcesBuildPhase section */

/* Begin PBXVariantGroup section */
		8B7D2526155028ED002370D1 /* InfoPlist.strings */ = {
			isa = PBXVariantGroup;
			children = (
				8B7D2527155028ED002370D1 /* en */,
			);
			name = InfoPlist.strings;
			sourceTree = "<group>";
		};
/* End PBXVariantGroup section */

/* Begin XCBuildConfiguration section */
		8B7D2538155028ED002370D1 /* Debug */ = {
			isa = XCBuildConfiguration;
			buildSettings = {
				ALWAYS_SEARCH_USER_PATHS = NO;
				ARCHS = "$(ARCHS_STANDARD_32_BIT)";
				CLANG_ENABLE_OBJC_ARC = YES;
				"CODE_SIGN_IDENTITY[sdk=iphoneos*]" = "iPhone Developer";
				COPY_PHASE_STRIP = NO;
				GCC_C_LANGUAGE_STANDARD = gnu99;
				GCC_DYNAMIC_NO_PIC = NO;
				GCC_OPTIMIZATION_LEVEL = 0;
				GCC_PREPROCESSOR_DEFINITIONS = (
					"DEBUG=1",
					"$(inherited)",
				);
				GCC_SYMBOLS_PRIVATE_EXTERN = NO;
				GCC_VERSION = com.apple.compilers.llvm.clang.1_0;
				GCC_WARN_ABOUT_RETURN_TYPE = YES;
				GCC_WARN_UNINITIALIZED_AUTOS = YES;
				GCC_WARN_UNUSED_VARIABLE = YES;
				IPHONEOS_DEPLOYMENT_TARGET = 5.1;
				ONLY_ACTIVE_ARCH = YES;
				SDKROOT = iphoneos;
				TARGETED_DEVICE_FAMILY = "1,2";
				VALID_ARCHS = "armv6 armv7";
			};
			name = Debug;
		};
		8B7D2539155028ED002370D1 /* Release */ = {
			isa = XCBuildConfiguration;
			buildSettings = {
				ALWAYS_SEARCH_USER_PATHS = NO;
				ARCHS = "$(ARCHS_STANDARD_32_BIT)";
				CLANG_ENABLE_OBJC_ARC = YES;
				"CODE_SIGN_IDENTITY[sdk=iphoneos*]" = "iPhone Developer";
				COPY_PHASE_STRIP = YES;
				GCC_C_LANGUAGE_STANDARD = gnu99;
				GCC_VERSION = com.apple.compilers.llvm.clang.1_0;
				GCC_WARN_ABOUT_RETURN_TYPE = YES;
				GCC_WARN_UNINITIALIZED_AUTOS = YES;
				GCC_WARN_UNUSED_VARIABLE = YES;
				IPHONEOS_DEPLOYMENT_TARGET = 5.1;
				ONLY_ACTIVE_ARCH = YES;
				OTHER_CFLAGS = "-DNS_BLOCK_ASSERTIONS=1";
				SDKROOT = iphoneos;
				TARGETED_DEVICE_FAMILY = "1,2";
				VALIDATE_PRODUCT = YES;
				VALID_ARCHS = "armv6 armv7";
			};
			name = Release;
		};
		8B7D253B155028ED002370D1 /* Debug */ = {
			isa = XCBuildConfiguration;
			buildSettings = {
				GCC_PRECOMPILE_PREFIX_HEADER = YES;
				GCC_PREFIX_HEADER = "AzureManager/AzureManager-Prefix.pch";
				HEADER_SEARCH_PATHS = "$(SDKROOT)/usr/include/libxml2";
				INFOPLIST_FILE = "AzureManager/AzureManager-Info.plist";
				LIBRARY_SEARCH_PATHS = (
					"$(inherited)",
					"\"$(SRCROOT)/AzureManager/ThirdPartyLibs/WAToolkit\"",
				);
				PRODUCT_NAME = "$(TARGET_NAME)";
				WRAPPER_EXTENSION = app;
			};
			name = Debug;
		};
		8B7D253C155028ED002370D1 /* Release */ = {
			isa = XCBuildConfiguration;
			buildSettings = {
				GCC_PRECOMPILE_PREFIX_HEADER = YES;
				GCC_PREFIX_HEADER = "AzureManager/AzureManager-Prefix.pch";
				HEADER_SEARCH_PATHS = "$(SDKROOT)/usr/include/libxml2";
				INFOPLIST_FILE = "AzureManager/AzureManager-Info.plist";
				LIBRARY_SEARCH_PATHS = (
					"$(inherited)",
					"\"$(SRCROOT)/AzureManager/ThirdPartyLibs/WAToolkit\"",
				);
				PRODUCT_NAME = "$(TARGET_NAME)";
				WRAPPER_EXTENSION = app;
			};
			name = Release;
		};
/* End XCBuildConfiguration section */

/* Begin XCConfigurationList section */
		8B7D2513155028EC002370D1 /* Build configuration list for PBXProject "AzureManager" */ = {
			isa = XCConfigurationList;
			buildConfigurations = (
				8B7D2538155028ED002370D1 /* Debug */,
				8B7D2539155028ED002370D1 /* Release */,
			);
			defaultConfigurationIsVisible = 0;
			defaultConfigurationName = Release;
		};
		8B7D253A155028ED002370D1 /* Build configuration list for PBXNativeTarget "AzureManager" */ = {
			isa = XCConfigurationList;
			buildConfigurations = (
				8B7D253B155028ED002370D1 /* Debug */,
				8B7D253C155028ED002370D1 /* Release */,
			);
			defaultConfigurationIsVisible = 0;
			defaultConfigurationName = Release;
		};
/* End XCConfigurationList section */
	};
	rootObject = 8B7D2510155028EC002370D1 /* Project object */;
}
