// !$*UTF8*$!
{
	archiveVersion = 1;
	classes = {
	};
	objectVersion = 46;
	objects = {

/* Begin PBXBuildFile section */
		8B18E932155A0EF700E2DAA0 /* PropertyDetailVC.m in Sources */ = {isa = PBXBuildFile; fileRef = 8B18E930155A0EF700E2DAA0 /* PropertyDetailVC.m */; };
		8B18E933155A0EF700E2DAA0 /* PropertyDetail.xib in Resources */ = {isa = PBXBuildFile; fileRef = 8B18E931155A0EF700E2DAA0 /* PropertyDetail.xib */; };
		8B3D22721552F36200CCBE25 /* AccountSelectionVC.m in Sources */ = {isa = PBXBuildFile; fileRef = 8B3D22701552F36200CCBE25 /* AccountSelectionVC.m */; };
		8B3D22731552F36200CCBE25 /* AccountSelection_iPhone.xib in Resources */ = {isa = PBXBuildFile; fileRef = 8B3D22711552F36200CCBE25 /* AccountSelection_iPhone.xib */; };
		8B3D22761552F39800CCBE25 /* AccountSelection_iPad.xib in Resources */ = {isa = PBXBuildFile; fileRef = 8B3D22751552F39800CCBE25 /* AccountSelection_iPad.xib */; };
		8B3D227D1552F6A300CCBE25 /* AccountData.m in Sources */ = {isa = PBXBuildFile; fileRef = 8B3D227C1552F6A300CCBE25 /* AccountData.m */; };
		8B3D228C15530FF900CCBE25 /* NewAccountVC.m in Sources */ = {isa = PBXBuildFile; fileRef = 8B3D228A15530FF900CCBE25 /* NewAccountVC.m */; };
		8B3D228D15530FF900CCBE25 /* NewAccount.xib in Resources */ = {isa = PBXBuildFile; fileRef = 8B3D228B15530FF900CCBE25 /* NewAccount.xib */; };
		8B3D22941553173200CCBE25 /* WAConfig.m in Sources */ = {isa = PBXBuildFile; fileRef = 8B3D22931553173200CCBE25 /* WAConfig.m */; };
		8B3D22AD155329CE00CCBE25 /* EntityTableViewCell.m in Sources */ = {isa = PBXBuildFile; fileRef = 8B3D22AC155329CE00CCBE25 /* EntityTableViewCell.m */; };
		8B5E8D94155043A200E74CC7 /* MainMenuVC.m in Sources */ = {isa = PBXBuildFile; fileRef = 8B5E8D92155043A200E74CC7 /* MainMenuVC.m */; };
		8B5E8D97155043C600E74CC7 /* MainMenu_iPhone.xib in Resources */ = {isa = PBXBuildFile; fileRef = 8B5E8D96155043C600E74CC7 /* MainMenu_iPhone.xib */; };
		8B5E8D99155044C500E74CC7 /* MainMenu_iPad.xib in Resources */ = {isa = PBXBuildFile; fileRef = 8B5E8D98155044C500E74CC7 /* MainMenu_iPad.xib */; };
		8B5E8D9D15505C3B00E74CC7 /* StorageSelectionVC.m in Sources */ = {isa = PBXBuildFile; fileRef = 8B5E8D9B15505C3B00E74CC7 /* StorageSelectionVC.m */; };
		8B5E8D9E15505C3B00E74CC7 /* StorageSelection.xib in Resources */ = {isa = PBXBuildFile; fileRef = 8B5E8D9C15505C3B00E74CC7 /* StorageSelection.xib */; };
		8B5E8DA915505E2C00E74CC7 /* ServiceCall.m in Sources */ = {isa = PBXBuildFile; fileRef = 8B5E8DA415505E2C00E74CC7 /* ServiceCall.m */; };
		8B5E8DAA15505E2C00E74CC7 /* UIViewController+ShowError.m in Sources */ = {isa = PBXBuildFile; fileRef = 8B5E8DA615505E2C00E74CC7 /* UIViewController+ShowError.m */; };
		8B5E8DAB15505E2C00E74CC7 /* WAConfiguration.m in Sources */ = {isa = PBXBuildFile; fileRef = 8B5E8DA815505E2C00E74CC7 /* WAConfiguration.m */; };
		8B5E8E1B1550792B00E74CC7 /* MBProgressHUD.m in Sources */ = {isa = PBXBuildFile; fileRef = 8B5E8E091550792B00E74CC7 /* MBProgressHUD.m */; };
		8B5E8E1C1550792B00E74CC7 /* UIViewController+UIElements.m in Sources */ = {isa = PBXBuildFile; fileRef = 8B5E8E0B1550792B00E74CC7 /* UIViewController+UIElements.m */; };
		8B5E8E1D1550792B00E74CC7 /* libwatoolkitios.a in Frameworks */ = {isa = PBXBuildFile; fileRef = 8B5E8E0D1550792B00E74CC7 /* libwatoolkitios.a */; };
		8B5E8E2E15507D4F00E74CC7 /* WACloudStorageClientDelegate.m in Sources */ = {isa = PBXBuildFile; fileRef = 8B5E8E2D15507D4F00E74CC7 /* WACloudStorageClientDelegate.m */; };
		8B5E8E3615507E5D00E74CC7 /* TablesListVC.m in Sources */ = {isa = PBXBuildFile; fileRef = 8B5E8E3415507E5D00E74CC7 /* TablesListVC.m */; };
		8B5E8E3715507E5D00E74CC7 /* TablesList.xib in Resources */ = {isa = PBXBuildFile; fileRef = 8B5E8E3515507E5D00E74CC7 /* TablesList.xib */; };
		8B5E8E66155090BA00E74CC7 /* WASimpleBase64.m in Sources */ = {isa = PBXBuildFile; fileRef = 8B5E8E4A155090BA00E74CC7 /* WASimpleBase64.m */; };
		8B5E8E67155090BA00E74CC7 /* Logging.m in Sources */ = {isa = PBXBuildFile; fileRef = 8B5E8E4C155090BA00E74CC7 /* Logging.m */; };
		8B5E8E68155090BA00E74CC7 /* WAAtomPubEntry.m in Sources */ = {isa = PBXBuildFile; fileRef = 8B5E8E50155090BA00E74CC7 /* WAAtomPubEntry.m */; };
		8B5E8E69155090BA00E74CC7 /* WABlobParser.m in Sources */ = {isa = PBXBuildFile; fileRef = 8B5E8E52155090BA00E74CC7 /* WABlobParser.m */; };
		8B5E8E6A155090BA00E74CC7 /* WAContainerParser.m in Sources */ = {isa = PBXBuildFile; fileRef = 8B5E8E54155090BA00E74CC7 /* WAContainerParser.m */; };
		8B5E8E6B155090BA00E74CC7 /* WAQueueMessageParser.m in Sources */ = {isa = PBXBuildFile; fileRef = 8B5E8E56155090BA00E74CC7 /* WAQueueMessageParser.m */; };
		8B5E8E6C155090BA00E74CC7 /* WAQueueParser.m in Sources */ = {isa = PBXBuildFile; fileRef = 8B5E8E58155090BA00E74CC7 /* WAQueueParser.m */; };
		8B5E8E6D155090BA00E74CC7 /* WAXMLHelper.m in Sources */ = {isa = PBXBuildFile; fileRef = 8B5E8E5A155090BA00E74CC7 /* WAXMLHelper.m */; };
		8B5E8E6E155090BA00E74CC7 /* WAAzureFilterBuilder.m in Sources */ = {isa = PBXBuildFile; fileRef = 8B5E8E5D155090BA00E74CC7 /* WAAzureFilterBuilder.m */; };
		8B5E8E6F155090BA00E74CC7 /* WAPredicateParser.m in Sources */ = {isa = PBXBuildFile; fileRef = 8B5E8E5F155090BA00E74CC7 /* WAPredicateParser.m */; };
		8B5E8E70155090BA00E74CC7 /* WACloudURLRequest.m in Sources */ = {isa = PBXBuildFile; fileRef = 8B5E8E62155090BA00E74CC7 /* WACloudURLRequest.m */; };
		8B7C16C415517D8B007D5A8C /* EntitiesListVC.m in Sources */ = {isa = PBXBuildFile; fileRef = 8B7C16C215517D8B007D5A8C /* EntitiesListVC.m */; };
		8B7C16C515517D8B007D5A8C /* EntitiesList.xib in Resources */ = {isa = PBXBuildFile; fileRef = 8B7C16C315517D8B007D5A8C /* EntitiesList.xib */; };
		8B7C16CE1551843B007D5A8C /* ContainerListVC.m in Sources */ = {isa = PBXBuildFile; fileRef = 8B7C16CC1551843B007D5A8C /* ContainerListVC.m */; };
		8B7C16CF1551843B007D5A8C /* ContainerList.xib in Resources */ = {isa = PBXBuildFile; fileRef = 8B7C16CD1551843B007D5A8C /* ContainerList.xib */; };
		8B7C16D3155187B7007D5A8C /* BlobListVC.m in Sources */ = {isa = PBXBuildFile; fileRef = 8B7C16D1155187B7007D5A8C /* BlobListVC.m */; };
		8B7C16D4155187B7007D5A8C /* BlobList.xib in Resources */ = {isa = PBXBuildFile; fileRef = 8B7C16D2155187B7007D5A8C /* BlobList.xib */; };
		8B7C16D815518A45007D5A8C /* BlobImageViewVC.m in Sources */ = {isa = PBXBuildFile; fileRef = 8B7C16D615518A44007D5A8C /* BlobImageViewVC.m */; };
		8B7C16D915518A45007D5A8C /* BlobImageView.xib in Resources */ = {isa = PBXBuildFile; fileRef = 8B7C16D715518A45007D5A8C /* BlobImageView.xib */; };
		8B7C16DD15519113007D5A8C /* QueueListVC.m in Sources */ = {isa = PBXBuildFile; fileRef = 8B7C16DB15519113007D5A8C /* QueueListVC.m */; };
		8B7C16DE15519113007D5A8C /* QueueList.xib in Resources */ = {isa = PBXBuildFile; fileRef = 8B7C16DC15519113007D5A8C /* QueueList.xib */; };
		8B7C16E215519476007D5A8C /* QMessageListVC.m in Sources */ = {isa = PBXBuildFile; fileRef = 8B7C16E015519476007D5A8C /* QMessageListVC.m */; };
		8B7C16E315519476007D5A8C /* QMessageList.xib in Resources */ = {isa = PBXBuildFile; fileRef = 8B7C16E115519476007D5A8C /* QMessageList.xib */; };
		8B7D251E155028ED002370D1 /* UIKit.framework in Frameworks */ = {isa = PBXBuildFile; fileRef = 8B7D251D155028ED002370D1 /* UIKit.framework */; };
		8B7D2520155028ED002370D1 /* Foundation.framework in Frameworks */ = {isa = PBXBuildFile; fileRef = 8B7D251F155028ED002370D1 /* Foundation.framework */; };
		8B7D2522155028ED002370D1 /* CoreGraphics.framework in Frameworks */ = {isa = PBXBuildFile; fileRef = 8B7D2521155028ED002370D1 /* CoreGraphics.framework */; };
		8B7D2528155028ED002370D1 /* InfoPlist.strings in Resources */ = {isa = PBXBuildFile; fileRef = 8B7D2526155028ED002370D1 /* InfoPlist.strings */; };
		8B7D252A155028ED002370D1 /* main.m in Sources */ = {isa = PBXBuildFile; fileRef = 8B7D2529155028ED002370D1 /* main.m */; };
		8B7D252E155028ED002370D1 /* AppDelegate.m in Sources */ = {isa = PBXBuildFile; fileRef = 8B7D252D155028ED002370D1 /* AppDelegate.m */; };
		8B7D256D15503879002370D1 /* libxml2.2.dylib in Frameworks */ = {isa = PBXBuildFile; fileRef = 8B7D256C15503879002370D1 /* libxml2.2.dylib */; };
		8B9D1FB11587F71100566708 /* HostedServicesListVC.m in Sources */ = {isa = PBXBuildFile; fileRef = 8B9D1FAF1587F71100566708 /* HostedServicesListVC.m */; };
		8B9D1FB21587F71100566708 /* HostedServicesList.xib in Resources */ = {isa = PBXBuildFile; fileRef = 8B9D1FB01587F71100566708 /* HostedServicesList.xib */; };
		8BB346181587E188001E8924 /* WAAuthManageCred.m in Sources */ = {isa = PBXBuildFile; fileRef = 8BB346171587E188001E8924 /* WAAuthManageCred.m */; };
		8BE9169B155A00D000B48D92 /* EntityDetailVC.m in Sources */ = {isa = PBXBuildFile; fileRef = 8BE91699155A00D000B48D92 /* EntityDetailVC.m */; };
		8BE9169C155A00D000B48D92 /* EntityDetail.xib in Resources */ = {isa = PBXBuildFile; fileRef = 8BE9169A155A00D000B48D92 /* EntityDetail.xib */; };
		C150E8A4156D6E2C00DD2B06 /* question_icon.jpg in Resources */ = {isa = PBXBuildFile; fileRef = C150E8A3156D6E2C00DD2B06 /* question_icon.jpg */; };
		C150E8A6156D6E5700DD2B06 /* pdf_icon.jpg in Resources */ = {isa = PBXBuildFile; fileRef = C150E8A5156D6E5700DD2B06 /* pdf_icon.jpg */; };
		C150E8AA156D6ECF00DD2B06 /* BlobWebViewVC.m in Sources */ = {isa = PBXBuildFile; fileRef = C150E8A8156D6ECF00DD2B06 /* BlobWebViewVC.m */; };
		C150E8AB156D6ECF00DD2B06 /* BlobWebView.xib in Resources */ = {isa = PBXBuildFile; fileRef = C150E8A9156D6ECF00DD2B06 /* BlobWebView.xib */; };
		C150E8D8156D7CEB00DD2B06 /* worddoc_icon.jpg in Resources */ = {isa = PBXBuildFile; fileRef = C150E8D7156D7CEB00DD2B06 /* worddoc_icon.jpg */; };
		C150E8DA156D7DC600DD2B06 /* camera-icon.jpg in Resources */ = {isa = PBXBuildFile; fileRef = C150E8D9156D7DC600DD2B06 /* camera-icon.jpg */; };
		C150E8F6156E80F000DD2B06 /* movie_icon.png in Resources */ = {isa = PBXBuildFile; fileRef = C150E8F5156E80F000DD2B06 /* movie_icon.png */; };
		C15840C915936A70002D2B7F /* MonitoringTypeSelVC.m in Sources */ = {isa = PBXBuildFile; fileRef = C15840C715936A70002D2B7F /* MonitoringTypeSelVC.m */; };
		C15840CA15936A70002D2B7F /* MonitoringTypeSel.xib in Resources */ = {isa = PBXBuildFile; fileRef = C15840C815936A70002D2B7F /* MonitoringTypeSel.xib */; };
		C167AA8A155C053A00D6564A /* SelectQueryVC.m in Sources */ = {isa = PBXBuildFile; fileRef = C167AA88155C053A00D6564A /* SelectQueryVC.m */; };
		C167AA8B155C053A00D6564A /* SelectQuery.xib in Resources */ = {isa = PBXBuildFile; fileRef = C167AA89155C053A00D6564A /* SelectQuery.xib */; };
		C167AA95155C057000D6564A /* AddKeysVC.m in Sources */ = {isa = PBXBuildFile; fileRef = C167AA93155C057000D6564A /* AddKeysVC.m */; };
		C167AA96155C057000D6564A /* AddKeys.xib in Resources */ = {isa = PBXBuildFile; fileRef = C167AA94155C057000D6564A /* AddKeys.xib */; };
		C167AA9E155C13F000D6564A /* IsSelected.png in Resources */ = {isa = PBXBuildFile; fileRef = C167AA9C155C13F000D6564A /* IsSelected.png */; };
		C167AA9F155C13F000D6564A /* NotSelected.png in Resources */ = {isa = PBXBuildFile; fileRef = C167AA9D155C13F000D6564A /* NotSelected.png */; };
		C167AAB1155C221400D6564A /* QueryDetailsVC.m in Sources */ = {isa = PBXBuildFile; fileRef = C167AAAF155C221300D6564A /* QueryDetailsVC.m */; };
		C167AAB2155C221400D6564A /* QueryDetails.xib in Resources */ = {isa = PBXBuildFile; fileRef = C167AAB0155C221400D6564A /* QueryDetails.xib */; };
		C167AAB8155C23D900D6564A /* QuartzCore.framework in Frameworks */ = {isa = PBXBuildFile; fileRef = C167AAB7155C23D900D6564A /* QuartzCore.framework */; };
		C167AAC1155C26BC00D6564A /* WAQuery.m in Sources */ = {isa = PBXBuildFile; fileRef = C167AAC0155C26BC00D6564A /* WAQuery.m */; };
		C167AAC6155C27DF00D6564A /* iphone-plus-sign-icon.jpg in Resources */ = {isa = PBXBuildFile; fileRef = C167AAC5155C27DF00D6564A /* iphone-plus-sign-icon.jpg */; };
		C167AACD155C4BF100D6564A /* WAQueryKey.m in Sources */ = {isa = PBXBuildFile; fileRef = C167AACC155C4BF100D6564A /* WAQueryKey.m */; };
		C184BD331566EDF30064DAB8 /* MyButton.m in Sources */ = {isa = PBXBuildFile; fileRef = C184BD321566EDF30064DAB8 /* MyButton.m */; };
		C184BD371566EE1C0064DAB8 /* buttonImage.png in Resources */ = {isa = PBXBuildFile; fileRef = C184BD351566EE1C0064DAB8 /* buttonImage.png */; };
		C184BD381566EE1C0064DAB8 /* buttonImage@2x.png in Resources */ = {isa = PBXBuildFile; fileRef = C184BD361566EE1C0064DAB8 /* buttonImage@2x.png */; };
		C1C0595815586D2900E2A6C4 /* BtnBG_03.png in Resources */ = {isa = PBXBuildFile; fileRef = C1C0595715586D2900E2A6C4 /* BtnBG_03.png */; };
		C1C8FAFB1589212A00BB2539 /* Security.framework in Frameworks */ = {isa = PBXBuildFile; fileRef = C1C8FAFA1589212A00BB2539 /* Security.framework */; };
		C1DFF4151587A6C200B15CFE /* WACloudManageClient.m in Sources */ = {isa = PBXBuildFile; fileRef = C1DFF4131587A6C200B15CFE /* WACloudManageClient.m */; };
		C1FC3CF515937D670050E146 /* NSDataAdditions.m in Sources */ = {isa = PBXBuildFile; fileRef = C1FC3CF215937D670050E146 /* NSDataAdditions.m */; settings = {COMPILER_FLAGS = "-fno-objc-arc"; }; };
		C1FC3CF615937D670050E146 /* TBXML.m in Sources */ = {isa = PBXBuildFile; fileRef = C1FC3CF415937D670050E146 /* TBXML.m */; settings = {COMPILER_FLAGS = "-fno-objc-arc"; }; };
		C1FC3CF815937D810050E146 /* libz.dylib in Frameworks */ = {isa = PBXBuildFile; fileRef = C1FC3CF715937D810050E146 /* libz.dylib */; };
		C1FC3D1515937E010050E146 /* ASIAuthenticationDialog.m in Sources */ = {isa = PBXBuildFile; fileRef = C1FC3CFF15937E010050E146 /* ASIAuthenticationDialog.m */; settings = {COMPILER_FLAGS = "-fno-objc-arc"; }; };
		C1FC3D1615937E010050E146 /* ASIDataCompressor.m in Sources */ = {isa = PBXBuildFile; fileRef = C1FC3D0215937E010050E146 /* ASIDataCompressor.m */; settings = {COMPILER_FLAGS = "-fno-objc-arc"; }; };
		C1FC3D1715937E010050E146 /* ASIDataDecompressor.m in Sources */ = {isa = PBXBuildFile; fileRef = C1FC3D0415937E010050E146 /* ASIDataDecompressor.m */; settings = {COMPILER_FLAGS = "-fno-objc-arc"; }; };
		C1FC3D1815937E010050E146 /* ASIDownloadCache.m in Sources */ = {isa = PBXBuildFile; fileRef = C1FC3D0615937E010050E146 /* ASIDownloadCache.m */; settings = {COMPILER_FLAGS = "-fno-objc-arc"; }; };
		C1FC3D1915937E010050E146 /* ASIFormDataRequest.m in Sources */ = {isa = PBXBuildFile; fileRef = C1FC3D0815937E010050E146 /* ASIFormDataRequest.m */; settings = {COMPILER_FLAGS = "-fno-objc-arc"; }; };
		C1FC3D1A15937E010050E146 /* ASIHTTPRequest.m in Sources */ = {isa = PBXBuildFile; fileRef = C1FC3D0A15937E010050E146 /* ASIHTTPRequest.m */; settings = {COMPILER_FLAGS = "-fno-objc-arc"; }; };
		C1FC3D1B15937E010050E146 /* ASIInputStream.m in Sources */ = {isa = PBXBuildFile; fileRef = C1FC3D0E15937E010050E146 /* ASIInputStream.m */; settings = {COMPILER_FLAGS = "-fno-objc-arc"; }; };
		C1FC3D1C15937E010050E146 /* ASINetworkQueue.m in Sources */ = {isa = PBXBuildFile; fileRef = C1FC3D1015937E010050E146 /* ASINetworkQueue.m */; settings = {COMPILER_FLAGS = "-fno-objc-arc"; }; };
		C1FC3D1D15937E010050E146 /* Reachability.m in Sources */ = {isa = PBXBuildFile; fileRef = C1FC3D1315937E010050E146 /* Reachability.m */; settings = {COMPILER_FLAGS = "-fno-objc-arc"; }; };
		C1FC3D1F15937E240050E146 /* MobileCoreServices.framework in Frameworks */ = {isa = PBXBuildFile; fileRef = C1FC3D1E15937E240050E146 /* MobileCoreServices.framework */; };
		C1FC3D2115937E2D0050E146 /* SystemConfiguration.framework in Frameworks */ = {isa = PBXBuildFile; fileRef = C1FC3D2015937E2D0050E146 /* SystemConfiguration.framework */; };
		C1FC3D2315937E350050E146 /* CFNetwork.framework in Frameworks */ = {isa = PBXBuildFile; fileRef = C1FC3D2215937E350050E146 /* CFNetwork.framework */; };
		C1FC3D5A1598B6160050E146 /* MonitoringSettingsVC.m in Sources */ = {isa = PBXBuildFile; fileRef = C1FC3D581598B6150050E146 /* MonitoringSettingsVC.m */; };
		C1FC3D5B1598B6160050E146 /* MonitoringSettings.xib in Resources */ = {isa = PBXBuildFile; fileRef = C1FC3D591598B6160050E146 /* MonitoringSettings.xib */; };
		C1FC3D91159CBAF50050E146 /* ManagementSelVC.m in Sources */ = {isa = PBXBuildFile; fileRef = C1FC3D8F159CBAF50050E146 /* ManagementSelVC.m */; };
		C1FC3D92159CBAF50050E146 /* ManagementSel.xib in Resources */ = {isa = PBXBuildFile; fileRef = C1FC3D90159CBAF50050E146 /* ManagementSel.xib */; };
/* End PBXBuildFile section */

/* Begin PBXFileReference section */
		8B18E92F155A0EF700E2DAA0 /* PropertyDetailVC.h */ = {isa = PBXFileReference; fileEncoding = 4; lastKnownFileType = sourcecode.c.h; path = PropertyDetailVC.h; sourceTree = "<group>"; };
		8B18E930155A0EF700E2DAA0 /* PropertyDetailVC.m */ = {isa = PBXFileReference; fileEncoding = 4; lastKnownFileType = sourcecode.c.objc; path = PropertyDetailVC.m; sourceTree = "<group>"; };
		8B18E931155A0EF700E2DAA0 /* PropertyDetail.xib */ = {isa = PBXFileReference; fileEncoding = 4; lastKnownFileType = file.xib; path = PropertyDetail.xib; sourceTree = "<group>"; };
		8B3D226F1552F36200CCBE25 /* AccountSelectionVC.h */ = {isa = PBXFileReference; fileEncoding = 4; lastKnownFileType = sourcecode.c.h; path = AccountSelectionVC.h; sourceTree = "<group>"; };
		8B3D22701552F36200CCBE25 /* AccountSelectionVC.m */ = {isa = PBXFileReference; fileEncoding = 4; lastKnownFileType = sourcecode.c.objc; path = AccountSelectionVC.m; sourceTree = "<group>"; };
		8B3D22711552F36200CCBE25 /* AccountSelection_iPhone.xib */ = {isa = PBXFileReference; fileEncoding = 4; lastKnownFileType = file.xib; path = AccountSelection_iPhone.xib; sourceTree = "<group>"; };
		8B3D22751552F39800CCBE25 /* AccountSelection_iPad.xib */ = {isa = PBXFileReference; fileEncoding = 4; lastKnownFileType = file.xib; path = AccountSelection_iPad.xib; sourceTree = "<group>"; };
		8B3D227B1552F6A300CCBE25 /* AccountData.h */ = {isa = PBXFileReference; fileEncoding = 4; lastKnownFileType = sourcecode.c.h; path = AccountData.h; sourceTree = "<group>"; };
		8B3D227C1552F6A300CCBE25 /* AccountData.m */ = {isa = PBXFileReference; fileEncoding = 4; lastKnownFileType = sourcecode.c.objc; path = AccountData.m; sourceTree = "<group>"; };
		8B3D228915530FF900CCBE25 /* NewAccountVC.h */ = {isa = PBXFileReference; fileEncoding = 4; lastKnownFileType = sourcecode.c.h; path = NewAccountVC.h; sourceTree = "<group>"; };
		8B3D228A15530FF900CCBE25 /* NewAccountVC.m */ = {isa = PBXFileReference; fileEncoding = 4; lastKnownFileType = sourcecode.c.objc; path = NewAccountVC.m; sourceTree = "<group>"; };
		8B3D228B15530FF900CCBE25 /* NewAccount.xib */ = {isa = PBXFileReference; fileEncoding = 4; lastKnownFileType = file.xib; path = NewAccount.xib; sourceTree = "<group>"; };
		8B3D22921553173200CCBE25 /* WAConfig.h */ = {isa = PBXFileReference; fileEncoding = 4; lastKnownFileType = sourcecode.c.h; path = WAConfig.h; sourceTree = "<group>"; };
		8B3D22931553173200CCBE25 /* WAConfig.m */ = {isa = PBXFileReference; fileEncoding = 4; lastKnownFileType = sourcecode.c.objc; path = WAConfig.m; sourceTree = "<group>"; };
		8B3D22AB155329CE00CCBE25 /* EntityTableViewCell.h */ = {isa = PBXFileReference; fileEncoding = 4; lastKnownFileType = sourcecode.c.h; path = EntityTableViewCell.h; sourceTree = "<group>"; };
		8B3D22AC155329CE00CCBE25 /* EntityTableViewCell.m */ = {isa = PBXFileReference; fileEncoding = 4; lastKnownFileType = sourcecode.c.objc; path = EntityTableViewCell.m; sourceTree = "<group>"; };
		8B5E8D91155043A200E74CC7 /* MainMenuVC.h */ = {isa = PBXFileReference; fileEncoding = 4; lastKnownFileType = sourcecode.c.h; path = MainMenuVC.h; sourceTree = "<group>"; };
		8B5E8D92155043A200E74CC7 /* MainMenuVC.m */ = {isa = PBXFileReference; fileEncoding = 4; lastKnownFileType = sourcecode.c.objc; path = MainMenuVC.m; sourceTree = "<group>"; };
		8B5E8D96155043C600E74CC7 /* MainMenu_iPhone.xib */ = {isa = PBXFileReference; fileEncoding = 4; lastKnownFileType = file.xib; path = MainMenu_iPhone.xib; sourceTree = "<group>"; };
		8B5E8D98155044C500E74CC7 /* MainMenu_iPad.xib */ = {isa = PBXFileReference; fileEncoding = 4; lastKnownFileType = file.xib; path = MainMenu_iPad.xib; sourceTree = "<group>"; };
		8B5E8D9A15505C3B00E74CC7 /* StorageSelectionVC.h */ = {isa = PBXFileReference; fileEncoding = 4; lastKnownFileType = sourcecode.c.h; path = StorageSelectionVC.h; sourceTree = "<group>"; };
		8B5E8D9B15505C3B00E74CC7 /* StorageSelectionVC.m */ = {isa = PBXFileReference; fileEncoding = 4; lastKnownFileType = sourcecode.c.objc; path = StorageSelectionVC.m; sourceTree = "<group>"; };
		8B5E8D9C15505C3B00E74CC7 /* StorageSelection.xib */ = {isa = PBXFileReference; fileEncoding = 4; lastKnownFileType = file.xib; path = StorageSelection.xib; sourceTree = "<group>"; };
		8B5E8DA315505E2C00E74CC7 /* ServiceCall.h */ = {isa = PBXFileReference; fileEncoding = 4; lastKnownFileType = sourcecode.c.h; name = ServiceCall.h; path = Configuration/ServiceCall.h; sourceTree = "<group>"; };
		8B5E8DA415505E2C00E74CC7 /* ServiceCall.m */ = {isa = PBXFileReference; fileEncoding = 4; lastKnownFileType = sourcecode.c.objc; name = ServiceCall.m; path = Configuration/ServiceCall.m; sourceTree = "<group>"; };
		8B5E8DA515505E2C00E74CC7 /* UIViewController+ShowError.h */ = {isa = PBXFileReference; fileEncoding = 4; lastKnownFileType = sourcecode.c.h; path = "UIViewController+ShowError.h"; sourceTree = "<group>"; };
		8B5E8DA615505E2C00E74CC7 /* UIViewController+ShowError.m */ = {isa = PBXFileReference; fileEncoding = 4; lastKnownFileType = sourcecode.c.objc; path = "UIViewController+ShowError.m"; sourceTree = "<group>"; };
		8B5E8DA715505E2C00E74CC7 /* WAConfiguration.h */ = {isa = PBXFileReference; fileEncoding = 4; lastKnownFileType = sourcecode.c.h; name = WAConfiguration.h; path = Configuration/WAConfiguration.h; sourceTree = "<group>"; };
		8B5E8DA815505E2C00E74CC7 /* WAConfiguration.m */ = {isa = PBXFileReference; fileEncoding = 4; lastKnownFileType = sourcecode.c.objc; name = WAConfiguration.m; path = Configuration/WAConfiguration.m; sourceTree = "<group>"; };
		8B5E8DAC15505E3A00E74CC7 /* Properties.h */ = {isa = PBXFileReference; fileEncoding = 4; lastKnownFileType = sourcecode.c.h; name = Properties.h; path = Configuration/Properties.h; sourceTree = "<group>"; };
		8B5E8E081550792B00E74CC7 /* MBProgressHUD.h */ = {isa = PBXFileReference; fileEncoding = 4; lastKnownFileType = sourcecode.c.h; path = MBProgressHUD.h; sourceTree = "<group>"; };
		8B5E8E091550792B00E74CC7 /* MBProgressHUD.m */ = {isa = PBXFileReference; fileEncoding = 4; lastKnownFileType = sourcecode.c.objc; path = MBProgressHUD.m; sourceTree = "<group>"; };
		8B5E8E0A1550792B00E74CC7 /* UIViewController+UIElements.h */ = {isa = PBXFileReference; fileEncoding = 4; lastKnownFileType = sourcecode.c.h; path = "UIViewController+UIElements.h"; sourceTree = "<group>"; };
		8B5E8E0B1550792B00E74CC7 /* UIViewController+UIElements.m */ = {isa = PBXFileReference; fileEncoding = 4; lastKnownFileType = sourcecode.c.objc; path = "UIViewController+UIElements.m"; sourceTree = "<group>"; };
		8B5E8E0D1550792B00E74CC7 /* libwatoolkitios.a */ = {isa = PBXFileReference; lastKnownFileType = archive.ar; path = libwatoolkitios.a; sourceTree = "<group>"; };
		8B5E8E0F1550792B00E74CC7 /* WAAuthenticationCredential.h */ = {isa = PBXFileReference; fileEncoding = 4; lastKnownFileType = sourcecode.c.h; path = WAAuthenticationCredential.h; sourceTree = "<group>"; };
		8B5E8E101550792B00E74CC7 /* WABlob.h */ = {isa = PBXFileReference; fileEncoding = 4; lastKnownFileType = sourcecode.c.h; path = WABlob.h; sourceTree = "<group>"; };
		8B5E8E111550792B00E74CC7 /* WABlobContainer.h */ = {isa = PBXFileReference; fileEncoding = 4; lastKnownFileType = sourcecode.c.h; path = WABlobContainer.h; sourceTree = "<group>"; };
		8B5E8E121550792B00E74CC7 /* WACloudAccessControlClient.h */ = {isa = PBXFileReference; fileEncoding = 4; lastKnownFileType = sourcecode.c.h; path = WACloudAccessControlClient.h; sourceTree = "<group>"; };
		8B5E8E131550792B00E74CC7 /* WACloudAccessToken.h */ = {isa = PBXFileReference; fileEncoding = 4; lastKnownFileType = sourcecode.c.h; path = WACloudAccessToken.h; sourceTree = "<group>"; };
		8B5E8E141550792B00E74CC7 /* WACloudStorageClient.h */ = {isa = PBXFileReference; fileEncoding = 4; lastKnownFileType = sourcecode.c.h; path = WACloudStorageClient.h; sourceTree = "<group>"; };
		8B5E8E151550792B00E74CC7 /* WAQueue.h */ = {isa = PBXFileReference; fileEncoding = 4; lastKnownFileType = sourcecode.c.h; path = WAQueue.h; sourceTree = "<group>"; };
		8B5E8E161550792B00E74CC7 /* WAQueueMessage.h */ = {isa = PBXFileReference; fileEncoding = 4; lastKnownFileType = sourcecode.c.h; path = WAQueueMessage.h; sourceTree = "<group>"; };
		8B5E8E171550792B00E74CC7 /* WAResultContinuation.h */ = {isa = PBXFileReference; fileEncoding = 4; lastKnownFileType = sourcecode.c.h; path = WAResultContinuation.h; sourceTree = "<group>"; };
		8B5E8E181550792B00E74CC7 /* WATableEntity.h */ = {isa = PBXFileReference; fileEncoding = 4; lastKnownFileType = sourcecode.c.h; path = WATableEntity.h; sourceTree = "<group>"; };
		8B5E8E191550792B00E74CC7 /* WATableFetchRequest.h */ = {isa = PBXFileReference; fileEncoding = 4; lastKnownFileType = sourcecode.c.h; path = WATableFetchRequest.h; sourceTree = "<group>"; };
		8B5E8E1A1550792B00E74CC7 /* WAToolkit.h */ = {isa = PBXFileReference; fileEncoding = 4; lastKnownFileType = sourcecode.c.h; path = WAToolkit.h; sourceTree = "<group>"; };
		8B5E8E2C15507D4F00E74CC7 /* WACloudStorageClientDelegate.h */ = {isa = PBXFileReference; fileEncoding = 4; lastKnownFileType = sourcecode.c.h; name = WACloudStorageClientDelegate.h; path = Configuration/WACloudStorageClientDelegate.h; sourceTree = "<group>"; };
		8B5E8E2D15507D4F00E74CC7 /* WACloudStorageClientDelegate.m */ = {isa = PBXFileReference; fileEncoding = 4; lastKnownFileType = sourcecode.c.objc; name = WACloudStorageClientDelegate.m; path = Configuration/WACloudStorageClientDelegate.m; sourceTree = "<group>"; };
		8B5E8E3315507E5D00E74CC7 /* TablesListVC.h */ = {isa = PBXFileReference; fileEncoding = 4; lastKnownFileType = sourcecode.c.h; path = TablesListVC.h; sourceTree = "<group>"; };
		8B5E8E3415507E5D00E74CC7 /* TablesListVC.m */ = {isa = PBXFileReference; fileEncoding = 4; lastKnownFileType = sourcecode.c.objc; path = TablesListVC.m; sourceTree = "<group>"; };
		8B5E8E3515507E5D00E74CC7 /* TablesList.xib */ = {isa = PBXFileReference; fileEncoding = 4; lastKnownFileType = file.xib; path = TablesList.xib; sourceTree = "<group>"; };
		8B5E8E49155090BA00E74CC7 /* WASimpleBase64.h */ = {isa = PBXFileReference; fileEncoding = 4; lastKnownFileType = sourcecode.c.h; path = WASimpleBase64.h; sourceTree = "<group>"; };
		8B5E8E4A155090BA00E74CC7 /* WASimpleBase64.m */ = {isa = PBXFileReference; fileEncoding = 4; lastKnownFileType = sourcecode.c.objc; path = WASimpleBase64.m; sourceTree = "<group>"; };
		8B5E8E4B155090BA00E74CC7 /* Logging.h */ = {isa = PBXFileReference; fileEncoding = 4; lastKnownFileType = sourcecode.c.h; path = Logging.h; sourceTree = "<group>"; };
		8B5E8E4C155090BA00E74CC7 /* Logging.m */ = {isa = PBXFileReference; fileEncoding = 4; lastKnownFileType = sourcecode.c.objc; path = Logging.m; sourceTree = "<group>"; };
		8B5E8E4D155090BA00E74CC7 /* NSString+URLEncode.h */ = {isa = PBXFileReference; fileEncoding = 4; lastKnownFileType = sourcecode.c.h; path = "NSString+URLEncode.h"; sourceTree = "<group>"; };
		8B5E8E4F155090BA00E74CC7 /* WAAtomPubEntry.h */ = {isa = PBXFileReference; fileEncoding = 4; lastKnownFileType = sourcecode.c.h; path = WAAtomPubEntry.h; sourceTree = "<group>"; };
		8B5E8E50155090BA00E74CC7 /* WAAtomPubEntry.m */ = {isa = PBXFileReference; fileEncoding = 4; lastKnownFileType = sourcecode.c.objc; path = WAAtomPubEntry.m; sourceTree = "<group>"; };
		8B5E8E51155090BA00E74CC7 /* WABlobParser.h */ = {isa = PBXFileReference; fileEncoding = 4; lastKnownFileType = sourcecode.c.h; path = WABlobParser.h; sourceTree = "<group>"; };
		8B5E8E52155090BA00E74CC7 /* WABlobParser.m */ = {isa = PBXFileReference; fileEncoding = 4; lastKnownFileType = sourcecode.c.objc; path = WABlobParser.m; sourceTree = "<group>"; };
		8B5E8E53155090BA00E74CC7 /* WAContainerParser.h */ = {isa = PBXFileReference; fileEncoding = 4; lastKnownFileType = sourcecode.c.h; path = WAContainerParser.h; sourceTree = "<group>"; };
		8B5E8E54155090BA00E74CC7 /* WAContainerParser.m */ = {isa = PBXFileReference; fileEncoding = 4; lastKnownFileType = sourcecode.c.objc; path = WAContainerParser.m; sourceTree = "<group>"; };
		8B5E8E55155090BA00E74CC7 /* WAQueueMessageParser.h */ = {isa = PBXFileReference; fileEncoding = 4; lastKnownFileType = sourcecode.c.h; path = WAQueueMessageParser.h; sourceTree = "<group>"; };
		8B5E8E56155090BA00E74CC7 /* WAQueueMessageParser.m */ = {isa = PBXFileReference; fileEncoding = 4; lastKnownFileType = sourcecode.c.objc; path = WAQueueMessageParser.m; sourceTree = "<group>"; };
		8B5E8E57155090BA00E74CC7 /* WAQueueParser.h */ = {isa = PBXFileReference; fileEncoding = 4; lastKnownFileType = sourcecode.c.h; path = WAQueueParser.h; sourceTree = "<group>"; };
		8B5E8E58155090BA00E74CC7 /* WAQueueParser.m */ = {isa = PBXFileReference; fileEncoding = 4; lastKnownFileType = sourcecode.c.objc; path = WAQueueParser.m; sourceTree = "<group>"; };
		8B5E8E59155090BA00E74CC7 /* WAXMLHelper.h */ = {isa = PBXFileReference; fileEncoding = 4; lastKnownFileType = sourcecode.c.h; path = WAXMLHelper.h; sourceTree = "<group>"; };
		8B5E8E5A155090BA00E74CC7 /* WAXMLHelper.m */ = {isa = PBXFileReference; fileEncoding = 4; lastKnownFileType = sourcecode.c.objc; path = WAXMLHelper.m; sourceTree = "<group>"; };
		8B5E8E5C155090BA00E74CC7 /* WAAzureFilterBuilder.h */ = {isa = PBXFileReference; fileEncoding = 4; lastKnownFileType = sourcecode.c.h; path = WAAzureFilterBuilder.h; sourceTree = "<group>"; };
		8B5E8E5D155090BA00E74CC7 /* WAAzureFilterBuilder.m */ = {isa = PBXFileReference; fileEncoding = 4; lastKnownFileType = sourcecode.c.objc; path = WAAzureFilterBuilder.m; sourceTree = "<group>"; };
		8B5E8E5E155090BA00E74CC7 /* WAPredicateParser.h */ = {isa = PBXFileReference; fileEncoding = 4; lastKnownFileType = sourcecode.c.h; path = WAPredicateParser.h; sourceTree = "<group>"; };
		8B5E8E5F155090BA00E74CC7 /* WAPredicateParser.m */ = {isa = PBXFileReference; fileEncoding = 4; lastKnownFileType = sourcecode.c.objc; path = WAPredicateParser.m; sourceTree = "<group>"; };
		8B5E8E60155090BA00E74CC7 /* WAAuthenticationCredential+Private.h */ = {isa = PBXFileReference; fileEncoding = 4; lastKnownFileType = sourcecode.c.h; path = "WAAuthenticationCredential+Private.h"; sourceTree = "<group>"; };
		8B5E8E61155090BA00E74CC7 /* WACloudURLRequest.h */ = {isa = PBXFileReference; fileEncoding = 4; lastKnownFileType = sourcecode.c.h; path = WACloudURLRequest.h; sourceTree = "<group>"; };
		8B5E8E62155090BA00E74CC7 /* WACloudURLRequest.m */ = {isa = PBXFileReference; fileEncoding = 4; lastKnownFileType = sourcecode.c.objc; path = WACloudURLRequest.m; sourceTree = "<group>"; };
		8B7C16C115517D8B007D5A8C /* EntitiesListVC.h */ = {isa = PBXFileReference; fileEncoding = 4; lastKnownFileType = sourcecode.c.h; path = EntitiesListVC.h; sourceTree = "<group>"; };
		8B7C16C215517D8B007D5A8C /* EntitiesListVC.m */ = {isa = PBXFileReference; fileEncoding = 4; lastKnownFileType = sourcecode.c.objc; path = EntitiesListVC.m; sourceTree = "<group>"; };
		8B7C16C315517D8B007D5A8C /* EntitiesList.xib */ = {isa = PBXFileReference; fileEncoding = 4; lastKnownFileType = file.xib; path = EntitiesList.xib; sourceTree = "<group>"; };
		8B7C16CB1551843B007D5A8C /* ContainerListVC.h */ = {isa = PBXFileReference; fileEncoding = 4; lastKnownFileType = sourcecode.c.h; path = ContainerListVC.h; sourceTree = "<group>"; };
		8B7C16CC1551843B007D5A8C /* ContainerListVC.m */ = {isa = PBXFileReference; fileEncoding = 4; lastKnownFileType = sourcecode.c.objc; path = ContainerListVC.m; sourceTree = "<group>"; };
		8B7C16CD1551843B007D5A8C /* ContainerList.xib */ = {isa = PBXFileReference; fileEncoding = 4; lastKnownFileType = file.xib; path = ContainerList.xib; sourceTree = "<group>"; };
		8B7C16D0155187B7007D5A8C /* BlobListVC.h */ = {isa = PBXFileReference; fileEncoding = 4; lastKnownFileType = sourcecode.c.h; path = BlobListVC.h; sourceTree = "<group>"; };
		8B7C16D1155187B7007D5A8C /* BlobListVC.m */ = {isa = PBXFileReference; fileEncoding = 4; lastKnownFileType = sourcecode.c.objc; path = BlobListVC.m; sourceTree = "<group>"; };
		8B7C16D2155187B7007D5A8C /* BlobList.xib */ = {isa = PBXFileReference; fileEncoding = 4; lastKnownFileType = file.xib; path = BlobList.xib; sourceTree = "<group>"; };
		8B7C16D515518A44007D5A8C /* BlobImageViewVC.h */ = {isa = PBXFileReference; fileEncoding = 4; lastKnownFileType = sourcecode.c.h; path = BlobImageViewVC.h; sourceTree = "<group>"; };
		8B7C16D615518A44007D5A8C /* BlobImageViewVC.m */ = {isa = PBXFileReference; fileEncoding = 4; lastKnownFileType = sourcecode.c.objc; path = BlobImageViewVC.m; sourceTree = "<group>"; };
		8B7C16D715518A45007D5A8C /* BlobImageView.xib */ = {isa = PBXFileReference; fileEncoding = 4; lastKnownFileType = file.xib; path = BlobImageView.xib; sourceTree = "<group>"; };
		8B7C16DA15519113007D5A8C /* QueueListVC.h */ = {isa = PBXFileReference; fileEncoding = 4; lastKnownFileType = sourcecode.c.h; path = QueueListVC.h; sourceTree = "<group>"; };
		8B7C16DB15519113007D5A8C /* QueueListVC.m */ = {isa = PBXFileReference; fileEncoding = 4; lastKnownFileType = sourcecode.c.objc; path = QueueListVC.m; sourceTree = "<group>"; };
		8B7C16DC15519113007D5A8C /* QueueList.xib */ = {isa = PBXFileReference; fileEncoding = 4; lastKnownFileType = file.xib; path = QueueList.xib; sourceTree = "<group>"; };
		8B7C16DF15519476007D5A8C /* QMessageListVC.h */ = {isa = PBXFileReference; fileEncoding = 4; lastKnownFileType = sourcecode.c.h; path = QMessageListVC.h; sourceTree = "<group>"; };
		8B7C16E015519476007D5A8C /* QMessageListVC.m */ = {isa = PBXFileReference; fileEncoding = 4; lastKnownFileType = sourcecode.c.objc; path = QMessageListVC.m; sourceTree = "<group>"; };
		8B7C16E115519476007D5A8C /* QMessageList.xib */ = {isa = PBXFileReference; fileEncoding = 4; lastKnownFileType = file.xib; path = QMessageList.xib; sourceTree = "<group>"; };
		8B7D2519155028ED002370D1 /* AzureManager.app */ = {isa = PBXFileReference; explicitFileType = wrapper.application; includeInIndex = 0; path = AzureManager.app; sourceTree = BUILT_PRODUCTS_DIR; };
		8B7D251D155028ED002370D1 /* UIKit.framework */ = {isa = PBXFileReference; lastKnownFileType = wrapper.framework; name = UIKit.framework; path = System/Library/Frameworks/UIKit.framework; sourceTree = SDKROOT; };
		8B7D251F155028ED002370D1 /* Foundation.framework */ = {isa = PBXFileReference; lastKnownFileType = wrapper.framework; name = Foundation.framework; path = System/Library/Frameworks/Foundation.framework; sourceTree = SDKROOT; };
		8B7D2521155028ED002370D1 /* CoreGraphics.framework */ = {isa = PBXFileReference; lastKnownFileType = wrapper.framework; name = CoreGraphics.framework; path = System/Library/Frameworks/CoreGraphics.framework; sourceTree = SDKROOT; };
		8B7D2525155028ED002370D1 /* AzureManager-Info.plist */ = {isa = PBXFileReference; lastKnownFileType = text.plist.xml; path = "AzureManager-Info.plist"; sourceTree = "<group>"; };
		8B7D2527155028ED002370D1 /* en */ = {isa = PBXFileReference; lastKnownFileType = text.plist.strings; name = en; path = en.lproj/InfoPlist.strings; sourceTree = "<group>"; };
		8B7D2529155028ED002370D1 /* main.m */ = {isa = PBXFileReference; lastKnownFileType = sourcecode.c.objc; path = main.m; sourceTree = "<group>"; };
		8B7D252B155028ED002370D1 /* AzureManager-Prefix.pch */ = {isa = PBXFileReference; lastKnownFileType = sourcecode.c.h; path = "AzureManager-Prefix.pch"; sourceTree = "<group>"; };
		8B7D252C155028ED002370D1 /* AppDelegate.h */ = {isa = PBXFileReference; lastKnownFileType = sourcecode.c.h; path = AppDelegate.h; sourceTree = "<group>"; };
		8B7D252D155028ED002370D1 /* AppDelegate.m */ = {isa = PBXFileReference; lastKnownFileType = sourcecode.c.objc; path = AppDelegate.m; sourceTree = "<group>"; };
		8B7D256C15503879002370D1 /* libxml2.2.dylib */ = {isa = PBXFileReference; lastKnownFileType = "compiled.mach-o.dylib"; name = libxml2.2.dylib; path = usr/lib/libxml2.2.dylib; sourceTree = SDKROOT; };
		8B9D1FA71587EECB00566708 /* WACloudManageClientDelegate.h */ = {isa = PBXFileReference; fileEncoding = 4; lastKnownFileType = sourcecode.c.h; path = WACloudManageClientDelegate.h; sourceTree = "<group>"; };
		8B9D1FAE1587F71000566708 /* HostedServicesListVC.h */ = {isa = PBXFileReference; fileEncoding = 4; lastKnownFileType = sourcecode.c.h; path = HostedServicesListVC.h; sourceTree = "<group>"; };
		8B9D1FAF1587F71100566708 /* HostedServicesListVC.m */ = {isa = PBXFileReference; fileEncoding = 4; lastKnownFileType = sourcecode.c.objc; path = HostedServicesListVC.m; sourceTree = "<group>"; };
		8B9D1FB01587F71100566708 /* HostedServicesList.xib */ = {isa = PBXFileReference; fileEncoding = 4; lastKnownFileType = file.xib; path = HostedServicesList.xib; sourceTree = "<group>"; };
		8BB346161587E188001E8924 /* WAAuthManageCred.h */ = {isa = PBXFileReference; fileEncoding = 4; lastKnownFileType = sourcecode.c.h; path = WAAuthManageCred.h; sourceTree = "<group>"; };
		8BB346171587E188001E8924 /* WAAuthManageCred.m */ = {isa = PBXFileReference; fileEncoding = 4; lastKnownFileType = sourcecode.c.objc; path = WAAuthManageCred.m; sourceTree = "<group>"; };
		8BE91698155A00D000B48D92 /* EntityDetailVC.h */ = {isa = PBXFileReference; fileEncoding = 4; lastKnownFileType = sourcecode.c.h; path = EntityDetailVC.h; sourceTree = "<group>"; };
		8BE91699155A00D000B48D92 /* EntityDetailVC.m */ = {isa = PBXFileReference; fileEncoding = 4; lastKnownFileType = sourcecode.c.objc; path = EntityDetailVC.m; sourceTree = "<group>"; };
		8BE9169A155A00D000B48D92 /* EntityDetail.xib */ = {isa = PBXFileReference; fileEncoding = 4; lastKnownFileType = file.xib; path = EntityDetail.xib; sourceTree = "<group>"; };
		C150E8A3156D6E2C00DD2B06 /* question_icon.jpg */ = {isa = PBXFileReference; lastKnownFileType = image.jpeg; path = question_icon.jpg; sourceTree = "<group>"; };
		C150E8A5156D6E5700DD2B06 /* pdf_icon.jpg */ = {isa = PBXFileReference; lastKnownFileType = image.jpeg; path = pdf_icon.jpg; sourceTree = "<group>"; };
		C150E8A7156D6ECF00DD2B06 /* BlobWebViewVC.h */ = {isa = PBXFileReference; fileEncoding = 4; lastKnownFileType = sourcecode.c.h; path = BlobWebViewVC.h; sourceTree = "<group>"; };
		C150E8A8156D6ECF00DD2B06 /* BlobWebViewVC.m */ = {isa = PBXFileReference; fileEncoding = 4; lastKnownFileType = sourcecode.c.objc; path = BlobWebViewVC.m; sourceTree = "<group>"; };
		C150E8A9156D6ECF00DD2B06 /* BlobWebView.xib */ = {isa = PBXFileReference; fileEncoding = 4; lastKnownFileType = file.xib; path = BlobWebView.xib; sourceTree = "<group>"; };
		C150E8D7156D7CEB00DD2B06 /* worddoc_icon.jpg */ = {isa = PBXFileReference; lastKnownFileType = image.jpeg; path = worddoc_icon.jpg; sourceTree = "<group>"; };
		C150E8D9156D7DC600DD2B06 /* camera-icon.jpg */ = {isa = PBXFileReference; lastKnownFileType = image.jpeg; path = "camera-icon.jpg"; sourceTree = "<group>"; };
		C150E8F5156E80F000DD2B06 /* movie_icon.png */ = {isa = PBXFileReference; lastKnownFileType = image.png; path = movie_icon.png; sourceTree = "<group>"; };
		C15840C615936A70002D2B7F /* MonitoringTypeSelVC.h */ = {isa = PBXFileReference; fileEncoding = 4; lastKnownFileType = sourcecode.c.h; path = MonitoringTypeSelVC.h; sourceTree = "<group>"; };
		C15840C715936A70002D2B7F /* MonitoringTypeSelVC.m */ = {isa = PBXFileReference; fileEncoding = 4; lastKnownFileType = sourcecode.c.objc; path = MonitoringTypeSelVC.m; sourceTree = "<group>"; };
		C15840C815936A70002D2B7F /* MonitoringTypeSel.xib */ = {isa = PBXFileReference; fileEncoding = 4; lastKnownFileType = file.xib; path = MonitoringTypeSel.xib; sourceTree = "<group>"; };
		C167AA87155C053A00D6564A /* SelectQueryVC.h */ = {isa = PBXFileReference; fileEncoding = 4; lastKnownFileType = sourcecode.c.h; path = SelectQueryVC.h; sourceTree = "<group>"; };
		C167AA88155C053A00D6564A /* SelectQueryVC.m */ = {isa = PBXFileReference; fileEncoding = 4; lastKnownFileType = sourcecode.c.objc; path = SelectQueryVC.m; sourceTree = "<group>"; };
		C167AA89155C053A00D6564A /* SelectQuery.xib */ = {isa = PBXFileReference; fileEncoding = 4; lastKnownFileType = file.xib; path = SelectQuery.xib; sourceTree = "<group>"; };
		C167AA92155C057000D6564A /* AddKeysVC.h */ = {isa = PBXFileReference; fileEncoding = 4; lastKnownFileType = sourcecode.c.h; path = AddKeysVC.h; sourceTree = "<group>"; };
		C167AA93155C057000D6564A /* AddKeysVC.m */ = {isa = PBXFileReference; fileEncoding = 4; lastKnownFileType = sourcecode.c.objc; path = AddKeysVC.m; sourceTree = "<group>"; };
		C167AA94155C057000D6564A /* AddKeys.xib */ = {isa = PBXFileReference; fileEncoding = 4; lastKnownFileType = file.xib; path = AddKeys.xib; sourceTree = "<group>"; };
		C167AA9C155C13F000D6564A /* IsSelected.png */ = {isa = PBXFileReference; lastKnownFileType = image.png; path = IsSelected.png; sourceTree = "<group>"; };
		C167AA9D155C13F000D6564A /* NotSelected.png */ = {isa = PBXFileReference; lastKnownFileType = image.png; path = NotSelected.png; sourceTree = "<group>"; };
		C167AAAE155C221300D6564A /* QueryDetailsVC.h */ = {isa = PBXFileReference; fileEncoding = 4; lastKnownFileType = sourcecode.c.h; path = QueryDetailsVC.h; sourceTree = "<group>"; };
		C167AAAF155C221300D6564A /* QueryDetailsVC.m */ = {isa = PBXFileReference; fileEncoding = 4; lastKnownFileType = sourcecode.c.objc; path = QueryDetailsVC.m; sourceTree = "<group>"; };
		C167AAB0155C221400D6564A /* QueryDetails.xib */ = {isa = PBXFileReference; fileEncoding = 4; lastKnownFileType = file.xib; path = QueryDetails.xib; sourceTree = "<group>"; };
		C167AAB7155C23D900D6564A /* QuartzCore.framework */ = {isa = PBXFileReference; lastKnownFileType = wrapper.framework; name = QuartzCore.framework; path = System/Library/Frameworks/QuartzCore.framework; sourceTree = SDKROOT; };
		C167AABF155C26BC00D6564A /* WAQuery.h */ = {isa = PBXFileReference; fileEncoding = 4; lastKnownFileType = sourcecode.c.h; path = WAQuery.h; sourceTree = "<group>"; };
		C167AAC0155C26BC00D6564A /* WAQuery.m */ = {isa = PBXFileReference; fileEncoding = 4; lastKnownFileType = sourcecode.c.objc; path = WAQuery.m; sourceTree = "<group>"; };
		C167AAC5155C27DF00D6564A /* iphone-plus-sign-icon.jpg */ = {isa = PBXFileReference; lastKnownFileType = image.jpeg; path = "iphone-plus-sign-icon.jpg"; sourceTree = "<group>"; };
		C167AACB155C4BF100D6564A /* WAQueryKey.h */ = {isa = PBXFileReference; fileEncoding = 4; lastKnownFileType = sourcecode.c.h; path = WAQueryKey.h; sourceTree = "<group>"; };
		C167AACC155C4BF100D6564A /* WAQueryKey.m */ = {isa = PBXFileReference; fileEncoding = 4; lastKnownFileType = sourcecode.c.objc; path = WAQueryKey.m; sourceTree = "<group>"; };
		C184BD311566EDF30064DAB8 /* MyButton.h */ = {isa = PBXFileReference; fileEncoding = 4; lastKnownFileType = sourcecode.c.h; path = MyButton.h; sourceTree = "<group>"; };
		C184BD321566EDF30064DAB8 /* MyButton.m */ = {isa = PBXFileReference; fileEncoding = 4; lastKnownFileType = sourcecode.c.objc; path = MyButton.m; sourceTree = "<group>"; };
		C184BD351566EE1C0064DAB8 /* buttonImage.png */ = {isa = PBXFileReference; lastKnownFileType = image.png; path = buttonImage.png; sourceTree = "<group>"; };
		C184BD361566EE1C0064DAB8 /* buttonImage@2x.png */ = {isa = PBXFileReference; lastKnownFileType = image.png; path = "buttonImage@2x.png"; sourceTree = "<group>"; };
		C1C0595715586D2900E2A6C4 /* BtnBG_03.png */ = {isa = PBXFileReference; lastKnownFileType = image.png; path = BtnBG_03.png; sourceTree = "<group>"; };
		C1C8FAFA1589212A00BB2539 /* Security.framework */ = {isa = PBXFileReference; lastKnownFileType = wrapper.framework; name = Security.framework; path = System/Library/Frameworks/Security.framework; sourceTree = SDKROOT; };
		C1DFF4121587A6C200B15CFE /* WACloudManageClient.h */ = {isa = PBXFileReference; fileEncoding = 4; lastKnownFileType = sourcecode.c.h; path = WACloudManageClient.h; sourceTree = "<group>"; };
		C1DFF4131587A6C200B15CFE /* WACloudManageClient.m */ = {isa = PBXFileReference; fileEncoding = 4; lastKnownFileType = sourcecode.c.objc; path = WACloudManageClient.m; sourceTree = "<group>"; };
		C1FC3CF115937D670050E146 /* NSDataAdditions.h */ = {isa = PBXFileReference; fileEncoding = 4; lastKnownFileType = sourcecode.c.h; path = NSDataAdditions.h; sourceTree = "<group>"; };
		C1FC3CF215937D670050E146 /* NSDataAdditions.m */ = {isa = PBXFileReference; fileEncoding = 4; lastKnownFileType = sourcecode.c.objc; path = NSDataAdditions.m; sourceTree = "<group>"; };
		C1FC3CF315937D670050E146 /* TBXML.h */ = {isa = PBXFileReference; fileEncoding = 4; lastKnownFileType = sourcecode.c.h; path = TBXML.h; sourceTree = "<group>"; };
		C1FC3CF415937D670050E146 /* TBXML.m */ = {isa = PBXFileReference; fileEncoding = 4; lastKnownFileType = sourcecode.c.objc; path = TBXML.m; sourceTree = "<group>"; };
		C1FC3CF715937D810050E146 /* libz.dylib */ = {isa = PBXFileReference; lastKnownFileType = "compiled.mach-o.dylib"; name = libz.dylib; path = usr/lib/libz.dylib; sourceTree = SDKROOT; };
		C1FC3CFE15937E010050E146 /* ASIAuthenticationDialog.h */ = {isa = PBXFileReference; fileEncoding = 4; lastKnownFileType = sourcecode.c.h; path = ASIAuthenticationDialog.h; sourceTree = "<group>"; };
		C1FC3CFF15937E010050E146 /* ASIAuthenticationDialog.m */ = {isa = PBXFileReference; fileEncoding = 4; lastKnownFileType = sourcecode.c.objc; path = ASIAuthenticationDialog.m; sourceTree = "<group>"; };
		C1FC3D0015937E010050E146 /* ASICacheDelegate.h */ = {isa = PBXFileReference; fileEncoding = 4; lastKnownFileType = sourcecode.c.h; path = ASICacheDelegate.h; sourceTree = "<group>"; };
		C1FC3D0115937E010050E146 /* ASIDataCompressor.h */ = {isa = PBXFileReference; fileEncoding = 4; lastKnownFileType = sourcecode.c.h; path = ASIDataCompressor.h; sourceTree = "<group>"; };
		C1FC3D0215937E010050E146 /* ASIDataCompressor.m */ = {isa = PBXFileReference; fileEncoding = 4; lastKnownFileType = sourcecode.c.objc; path = ASIDataCompressor.m; sourceTree = "<group>"; };
		C1FC3D0315937E010050E146 /* ASIDataDecompressor.h */ = {isa = PBXFileReference; fileEncoding = 4; lastKnownFileType = sourcecode.c.h; path = ASIDataDecompressor.h; sourceTree = "<group>"; };
		C1FC3D0415937E010050E146 /* ASIDataDecompressor.m */ = {isa = PBXFileReference; fileEncoding = 4; lastKnownFileType = sourcecode.c.objc; path = ASIDataDecompressor.m; sourceTree = "<group>"; };
		C1FC3D0515937E010050E146 /* ASIDownloadCache.h */ = {isa = PBXFileReference; fileEncoding = 4; lastKnownFileType = sourcecode.c.h; path = ASIDownloadCache.h; sourceTree = "<group>"; };
		C1FC3D0615937E010050E146 /* ASIDownloadCache.m */ = {isa = PBXFileReference; fileEncoding = 4; lastKnownFileType = sourcecode.c.objc; path = ASIDownloadCache.m; sourceTree = "<group>"; };
		C1FC3D0715937E010050E146 /* ASIFormDataRequest.h */ = {isa = PBXFileReference; fileEncoding = 4; lastKnownFileType = sourcecode.c.h; path = ASIFormDataRequest.h; sourceTree = "<group>"; };
		C1FC3D0815937E010050E146 /* ASIFormDataRequest.m */ = {isa = PBXFileReference; fileEncoding = 4; lastKnownFileType = sourcecode.c.objc; path = ASIFormDataRequest.m; sourceTree = "<group>"; };
		C1FC3D0915937E010050E146 /* ASIHTTPRequest.h */ = {isa = PBXFileReference; fileEncoding = 4; lastKnownFileType = sourcecode.c.h; path = ASIHTTPRequest.h; sourceTree = "<group>"; };
		C1FC3D0A15937E010050E146 /* ASIHTTPRequest.m */ = {isa = PBXFileReference; fileEncoding = 4; lastKnownFileType = sourcecode.c.objc; path = ASIHTTPRequest.m; sourceTree = "<group>"; };
		C1FC3D0B15937E010050E146 /* ASIHTTPRequestConfig.h */ = {isa = PBXFileReference; fileEncoding = 4; lastKnownFileType = sourcecode.c.h; path = ASIHTTPRequestConfig.h; sourceTree = "<group>"; };
		C1FC3D0C15937E010050E146 /* ASIHTTPRequestDelegate.h */ = {isa = PBXFileReference; fileEncoding = 4; lastKnownFileType = sourcecode.c.h; path = ASIHTTPRequestDelegate.h; sourceTree = "<group>"; };
		C1FC3D0D15937E010050E146 /* ASIInputStream.h */ = {isa = PBXFileReference; fileEncoding = 4; lastKnownFileType = sourcecode.c.h; path = ASIInputStream.h; sourceTree = "<group>"; };
		C1FC3D0E15937E010050E146 /* ASIInputStream.m */ = {isa = PBXFileReference; fileEncoding = 4; lastKnownFileType = sourcecode.c.objc; path = ASIInputStream.m; sourceTree = "<group>"; };
		C1FC3D0F15937E010050E146 /* ASINetworkQueue.h */ = {isa = PBXFileReference; fileEncoding = 4; lastKnownFileType = sourcecode.c.h; path = ASINetworkQueue.h; sourceTree = "<group>"; };
		C1FC3D1015937E010050E146 /* ASINetworkQueue.m */ = {isa = PBXFileReference; fileEncoding = 4; lastKnownFileType = sourcecode.c.objc; path = ASINetworkQueue.m; sourceTree = "<group>"; };
		C1FC3D1115937E010050E146 /* ASIProgressDelegate.h */ = {isa = PBXFileReference; fileEncoding = 4; lastKnownFileType = sourcecode.c.h; path = ASIProgressDelegate.h; sourceTree = "<group>"; };
		C1FC3D1215937E010050E146 /* Reachability.h */ = {isa = PBXFileReference; fileEncoding = 4; lastKnownFileType = sourcecode.c.h; path = Reachability.h; sourceTree = "<group>"; };
		C1FC3D1315937E010050E146 /* Reachability.m */ = {isa = PBXFileReference; fileEncoding = 4; lastKnownFileType = sourcecode.c.objc; path = Reachability.m; sourceTree = "<group>"; };
		C1FC3D1E15937E240050E146 /* MobileCoreServices.framework */ = {isa = PBXFileReference; lastKnownFileType = wrapper.framework; name = MobileCoreServices.framework; path = System/Library/Frameworks/MobileCoreServices.framework; sourceTree = SDKROOT; };
		C1FC3D2015937E2D0050E146 /* SystemConfiguration.framework */ = {isa = PBXFileReference; lastKnownFileType = wrapper.framework; name = SystemConfiguration.framework; path = System/Library/Frameworks/SystemConfiguration.framework; sourceTree = SDKROOT; };
		C1FC3D2215937E350050E146 /* CFNetwork.framework */ = {isa = PBXFileReference; lastKnownFileType = wrapper.framework; name = CFNetwork.framework; path = System/Library/Frameworks/CFNetwork.framework; sourceTree = SDKROOT; };
		C1FC3D571598B6150050E146 /* MonitoringSettingsVC.h */ = {isa = PBXFileReference; fileEncoding = 4; lastKnownFileType = sourcecode.c.h; path = MonitoringSettingsVC.h; sourceTree = "<group>"; };
		C1FC3D581598B6150050E146 /* MonitoringSettingsVC.m */ = {isa = PBXFileReference; fileEncoding = 4; lastKnownFileType = sourcecode.c.objc; path = MonitoringSettingsVC.m; sourceTree = "<group>"; };
		C1FC3D591598B6160050E146 /* MonitoringSettings.xib */ = {isa = PBXFileReference; fileEncoding = 4; lastKnownFileType = file.xib; path = MonitoringSettings.xib; sourceTree = "<group>"; };
		C1FC3D8E159CBAF50050E146 /* ManagementSelVC.h */ = {isa = PBXFileReference; fileEncoding = 4; lastKnownFileType = sourcecode.c.h; path = ManagementSelVC.h; sourceTree = "<group>"; };
		C1FC3D8F159CBAF50050E146 /* ManagementSelVC.m */ = {isa = PBXFileReference; fileEncoding = 4; lastKnownFileType = sourcecode.c.objc; path = ManagementSelVC.m; sourceTree = "<group>"; };
		C1FC3D90159CBAF50050E146 /* ManagementSel.xib */ = {isa = PBXFileReference; fileEncoding = 4; lastKnownFileType = file.xib; path = ManagementSel.xib; sourceTree = "<group>"; };
/* End PBXFileReference section */

/* Begin PBXFrameworksBuildPhase section */
		8B7D2516155028ED002370D1 /* Frameworks */ = {
			isa = PBXFrameworksBuildPhase;
			buildActionMask = 2147483647;
			files = (
				8B7D2522155028ED002370D1 /* CoreGraphics.framework in Frameworks */,
				C1FC3D2315937E350050E146 /* CFNetwork.framework in Frameworks */,
				C1FC3D2115937E2D0050E146 /* SystemConfiguration.framework in Frameworks */,
				C1FC3D1F15937E240050E146 /* MobileCoreServices.framework in Frameworks */,
				C1FC3CF815937D810050E146 /* libz.dylib in Frameworks */,
				C1C8FAFB1589212A00BB2539 /* Security.framework in Frameworks */,
				C167AAB8155C23D900D6564A /* QuartzCore.framework in Frameworks */,
				8B7D256D15503879002370D1 /* libxml2.2.dylib in Frameworks */,
				8B7D251E155028ED002370D1 /* UIKit.framework in Frameworks */,
				8B7D2520155028ED002370D1 /* Foundation.framework in Frameworks */,
				8B5E8E1D1550792B00E74CC7 /* libwatoolkitios.a in Frameworks */,
			);
			runOnlyForDeploymentPostprocessing = 0;
		};
/* End PBXFrameworksBuildPhase section */

/* Begin PBXGroup section */
		8B3D227E1552F6C000CCBE25 /* Objects */ = {
			isa = PBXGroup;
			children = (
				C184BD311566EDF30064DAB8 /* MyButton.h */,
				C184BD321566EDF30064DAB8 /* MyButton.m */,
				8B3D227B1552F6A300CCBE25 /* AccountData.h */,
				8B3D227C1552F6A300CCBE25 /* AccountData.m */,
				8B3D22AB155329CE00CCBE25 /* EntityTableViewCell.h */,
				8B3D22AC155329CE00CCBE25 /* EntityTableViewCell.m */,
				C167AABF155C26BC00D6564A /* WAQuery.h */,
				C167AAC0155C26BC00D6564A /* WAQuery.m */,
				C167AACB155C4BF100D6564A /* WAQueryKey.h */,
				C167AACC155C4BF100D6564A /* WAQueryKey.m */,
			);
			name = Objects;
			sourceTree = "<group>";
		};
		8B3D228315530FBA00CCBE25 /* Account Classes */ = {
			isa = PBXGroup;
			children = (
				8B3D226F1552F36200CCBE25 /* AccountSelectionVC.h */,
				8B3D22701552F36200CCBE25 /* AccountSelectionVC.m */,
				8B3D22711552F36200CCBE25 /* AccountSelection_iPhone.xib */,
				8B3D22751552F39800CCBE25 /* AccountSelection_iPad.xib */,
				8B3D228915530FF900CCBE25 /* NewAccountVC.h */,
				8B3D228A15530FF900CCBE25 /* NewAccountVC.m */,
				8B3D228B15530FF900CCBE25 /* NewAccount.xib */,
			);
			name = "Account Classes";
			sourceTree = "<group>";
		};
		8B5E8D9F15505C4100E74CC7 /* Storage Classes */ = {
			isa = PBXGroup;
			children = (
				8BB3461A1587E1D0001E8924 /* Client */,
				8B5E8D9A15505C3B00E74CC7 /* StorageSelectionVC.h */,
				8B5E8D9B15505C3B00E74CC7 /* StorageSelectionVC.m */,
				8B5E8D9C15505C3B00E74CC7 /* StorageSelection.xib */,
				8B5E8E7B1550993200E74CC7 /* Tables */,
				8B5E8E7D1550994000E74CC7 /* Blobs */,
				8B5E8E7C1550993900E74CC7 /* Queues */,
			);
			name = "Storage Classes";
			sourceTree = "<group>";
		};
		8B5E8DA015505C4C00E74CC7 /* Monitoring Classes */ = {
			isa = PBXGroup;
			children = (
				C15840C615936A70002D2B7F /* MonitoringTypeSelVC.h */,
				C15840C715936A70002D2B7F /* MonitoringTypeSelVC.m */,
				C15840C815936A70002D2B7F /* MonitoringTypeSel.xib */,
				C1FC3D571598B6150050E146 /* MonitoringSettingsVC.h */,
				C1FC3D581598B6150050E146 /* MonitoringSettingsVC.m */,
				C1FC3D591598B6160050E146 /* MonitoringSettings.xib */,
			);
			name = "Monitoring Classes";
			sourceTree = "<group>";
		};
		8B5E8DA115505C5200E74CC7 /* Management Classes */ = {
			isa = PBXGroup;
			children = (
				C1DFF40E1587A6B700B15CFE /* Client */,
				C1FC3D8E159CBAF50050E146 /* ManagementSelVC.h */,
				C1FC3D8F159CBAF50050E146 /* ManagementSelVC.m */,
				C1FC3D90159CBAF50050E146 /* ManagementSel.xib */,
				8B9D1FAE1587F71000566708 /* HostedServicesListVC.h */,
				8B9D1FAF1587F71100566708 /* HostedServicesListVC.m */,
				8B9D1FB01587F71100566708 /* HostedServicesList.xib */,
			);
			name = "Management Classes";
			sourceTree = "<group>";
		};
		8B5E8DA215505E2C00E74CC7 /* Configuration */ = {
			isa = PBXGroup;
			children = (
				8B5E8DA515505E2C00E74CC7 /* UIViewController+ShowError.h */,
				8B5E8DA615505E2C00E74CC7 /* UIViewController+ShowError.m */,
				8B3D22921553173200CCBE25 /* WAConfig.h */,
				8B3D22931553173200CCBE25 /* WAConfig.m */,
			);
			path = Configuration;
			sourceTree = "<group>";
		};
		8B5E8E061550792B00E74CC7 /* ThirdPartyLibs */ = {
			isa = PBXGroup;
			children = (
				C1FC3CFD15937E010050E146 /* ASIHTTPRequest */,
				C1FC3CF015937D670050E146 /* TBXML */,
				8B5E8E40155090BA00E74CC7 /* Private */,
				8B5E8E071550792B00E74CC7 /* MBProgressHUD */,
				8B5E8E0C1550792B00E74CC7 /* WAToolkit */,
			);
			path = ThirdPartyLibs;
			sourceTree = "<group>";
		};
		8B5E8E071550792B00E74CC7 /* MBProgressHUD */ = {
			isa = PBXGroup;
			children = (
				8B5E8E081550792B00E74CC7 /* MBProgressHUD.h */,
				8B5E8E091550792B00E74CC7 /* MBProgressHUD.m */,
				8B5E8E0A1550792B00E74CC7 /* UIViewController+UIElements.h */,
				8B5E8E0B1550792B00E74CC7 /* UIViewController+UIElements.m */,
			);
			path = MBProgressHUD;
			sourceTree = "<group>";
		};
		8B5E8E0C1550792B00E74CC7 /* WAToolkit */ = {
			isa = PBXGroup;
			children = (
				8B5E8E0D1550792B00E74CC7 /* libwatoolkitios.a */,
				8B5E8E0E1550792B00E74CC7 /* watoolkitios-lib */,
			);
			path = WAToolkit;
			sourceTree = "<group>";
		};
		8B5E8E0E1550792B00E74CC7 /* watoolkitios-lib */ = {
			isa = PBXGroup;
			children = (
				8B5E8E0F1550792B00E74CC7 /* WAAuthenticationCredential.h */,
				8B5E8E101550792B00E74CC7 /* WABlob.h */,
				8B5E8E111550792B00E74CC7 /* WABlobContainer.h */,
				8B5E8E121550792B00E74CC7 /* WACloudAccessControlClient.h */,
				8B5E8E131550792B00E74CC7 /* WACloudAccessToken.h */,
				8B5E8E141550792B00E74CC7 /* WACloudStorageClient.h */,
				8B5E8E151550792B00E74CC7 /* WAQueue.h */,
				8B5E8E161550792B00E74CC7 /* WAQueueMessage.h */,
				8B5E8E171550792B00E74CC7 /* WAResultContinuation.h */,
				8B5E8E181550792B00E74CC7 /* WATableEntity.h */,
				8B5E8E191550792B00E74CC7 /* WATableFetchRequest.h */,
				8B5E8E1A1550792B00E74CC7 /* WAToolkit.h */,
			);
			path = "watoolkitios-lib";
			sourceTree = "<group>";
		};
		8B5E8E40155090BA00E74CC7 /* Private */ = {
			isa = PBXGroup;
			children = (
				8B5E8E48155090BA00E74CC7 /* Base64 */,
				8B5E8E4B155090BA00E74CC7 /* Logging.h */,
				8B5E8E4C155090BA00E74CC7 /* Logging.m */,
				8B5E8E4D155090BA00E74CC7 /* NSString+URLEncode.h */,
				8B5E8E4E155090BA00E74CC7 /* Parser */,
				8B5E8E5B155090BA00E74CC7 /* PredicateConverter */,
				8B5E8E60155090BA00E74CC7 /* WAAuthenticationCredential+Private.h */,
				8B5E8E61155090BA00E74CC7 /* WACloudURLRequest.h */,
				8B5E8E62155090BA00E74CC7 /* WACloudURLRequest.m */,
			);
			path = Private;
			sourceTree = "<group>";
		};
		8B5E8E48155090BA00E74CC7 /* Base64 */ = {
			isa = PBXGroup;
			children = (
				8B5E8E49155090BA00E74CC7 /* WASimpleBase64.h */,
				8B5E8E4A155090BA00E74CC7 /* WASimpleBase64.m */,
			);
			path = Base64;
			sourceTree = "<group>";
		};
		8B5E8E4E155090BA00E74CC7 /* Parser */ = {
			isa = PBXGroup;
			children = (
				8B5E8E4F155090BA00E74CC7 /* WAAtomPubEntry.h */,
				8B5E8E50155090BA00E74CC7 /* WAAtomPubEntry.m */,
				8B5E8E51155090BA00E74CC7 /* WABlobParser.h */,
				8B5E8E52155090BA00E74CC7 /* WABlobParser.m */,
				8B5E8E53155090BA00E74CC7 /* WAContainerParser.h */,
				8B5E8E54155090BA00E74CC7 /* WAContainerParser.m */,
				8B5E8E55155090BA00E74CC7 /* WAQueueMessageParser.h */,
				8B5E8E56155090BA00E74CC7 /* WAQueueMessageParser.m */,
				8B5E8E57155090BA00E74CC7 /* WAQueueParser.h */,
				8B5E8E58155090BA00E74CC7 /* WAQueueParser.m */,
				8B5E8E59155090BA00E74CC7 /* WAXMLHelper.h */,
				8B5E8E5A155090BA00E74CC7 /* WAXMLHelper.m */,
			);
			path = Parser;
			sourceTree = "<group>";
		};
		8B5E8E5B155090BA00E74CC7 /* PredicateConverter */ = {
			isa = PBXGroup;
			children = (
				8B5E8E5C155090BA00E74CC7 /* WAAzureFilterBuilder.h */,
				8B5E8E5D155090BA00E74CC7 /* WAAzureFilterBuilder.m */,
				8B5E8E5E155090BA00E74CC7 /* WAPredicateParser.h */,
				8B5E8E5F155090BA00E74CC7 /* WAPredicateParser.m */,
			);
			path = PredicateConverter;
			sourceTree = "<group>";
		};
		8B5E8E7B1550993200E74CC7 /* Tables */ = {
			isa = PBXGroup;
			children = (
				8B5E8E3315507E5D00E74CC7 /* TablesListVC.h */,
				8B5E8E3415507E5D00E74CC7 /* TablesListVC.m */,
				8B5E8E3515507E5D00E74CC7 /* TablesList.xib */,
				8B7C16C115517D8B007D5A8C /* EntitiesListVC.h */,
				8B7C16C215517D8B007D5A8C /* EntitiesListVC.m */,
				8B7C16C315517D8B007D5A8C /* EntitiesList.xib */,
				8BE91698155A00D000B48D92 /* EntityDetailVC.h */,
				8BE91699155A00D000B48D92 /* EntityDetailVC.m */,
				8BE9169A155A00D000B48D92 /* EntityDetail.xib */,
				8B18E92F155A0EF700E2DAA0 /* PropertyDetailVC.h */,
				8B18E930155A0EF700E2DAA0 /* PropertyDetailVC.m */,
				8B18E931155A0EF700E2DAA0 /* PropertyDetail.xib */,
				C167AA97155C057200D6564A /* Query Classes */,
			);
			name = Tables;
			sourceTree = "<group>";
		};
		8B5E8E7C1550993900E74CC7 /* Queues */ = {
			isa = PBXGroup;
			children = (
				8B7C16DA15519113007D5A8C /* QueueListVC.h */,
				8B7C16DB15519113007D5A8C /* QueueListVC.m */,
				8B7C16DC15519113007D5A8C /* QueueList.xib */,
				8B7C16DF15519476007D5A8C /* QMessageListVC.h */,
				8B7C16E015519476007D5A8C /* QMessageListVC.m */,
				8B7C16E115519476007D5A8C /* QMessageList.xib */,
			);
			name = Queues;
			sourceTree = "<group>";
		};
		8B5E8E7D1550994000E74CC7 /* Blobs */ = {
			isa = PBXGroup;
			children = (
				8B7C16CB1551843B007D5A8C /* ContainerListVC.h */,
				8B7C16CC1551843B007D5A8C /* ContainerListVC.m */,
				8B7C16CD1551843B007D5A8C /* ContainerList.xib */,
				8B7C16D0155187B7007D5A8C /* BlobListVC.h */,
				8B7C16D1155187B7007D5A8C /* BlobListVC.m */,
				8B7C16D2155187B7007D5A8C /* BlobList.xib */,
				8B7C16D515518A44007D5A8C /* BlobImageViewVC.h */,
				8B7C16D615518A44007D5A8C /* BlobImageViewVC.m */,
				8B7C16D715518A45007D5A8C /* BlobImageView.xib */,
				C150E8A7156D6ECF00DD2B06 /* BlobWebViewVC.h */,
				C150E8A8156D6ECF00DD2B06 /* BlobWebViewVC.m */,
				C150E8A9156D6ECF00DD2B06 /* BlobWebView.xib */,
			);
			name = Blobs;
			sourceTree = "<group>";
		};
		8B7D250E155028EC002370D1 = {
			isa = PBXGroup;
			children = (
				8B7D2523155028ED002370D1 /* AzureManager */,
				8B7D251C155028ED002370D1 /* Frameworks */,
				8B7D251A155028ED002370D1 /* Products */,
			);
			sourceTree = "<group>";
		};
		8B7D251A155028ED002370D1 /* Products */ = {
			isa = PBXGroup;
			children = (
				8B7D2519155028ED002370D1 /* AzureManager.app */,
			);
			name = Products;
			sourceTree = "<group>";
		};
		8B7D251C155028ED002370D1 /* Frameworks */ = {
			isa = PBXGroup;
			children = (
				C1FC3D2215937E350050E146 /* CFNetwork.framework */,
				C1FC3D2015937E2D0050E146 /* SystemConfiguration.framework */,
				C1FC3D1E15937E240050E146 /* MobileCoreServices.framework */,
				C1FC3CF715937D810050E146 /* libz.dylib */,
				C1C8FAFA1589212A00BB2539 /* Security.framework */,
				C167AAB7155C23D900D6564A /* QuartzCore.framework */,
				8B7D256C15503879002370D1 /* libxml2.2.dylib */,
				8B7D251D155028ED002370D1 /* UIKit.framework */,
				8B7D251F155028ED002370D1 /* Foundation.framework */,
				8B7D2521155028ED002370D1 /* CoreGraphics.framework */,
			);
			name = Frameworks;
			sourceTree = "<group>";
		};
		8B7D2523155028ED002370D1 /* AzureManager */ = {
			isa = PBXGroup;
			children = (
				8B5E8E061550792B00E74CC7 /* ThirdPartyLibs */,
				8B5E8DA215505E2C00E74CC7 /* Configuration */,
				8B5E8DAC15505E3A00E74CC7 /* Properties.h */,
				8B7D252C155028ED002370D1 /* AppDelegate.h */,
				8B7D252D155028ED002370D1 /* AppDelegate.m */,
				8B5E8D91155043A200E74CC7 /* MainMenuVC.h */,
				8B5E8D92155043A200E74CC7 /* MainMenuVC.m */,
				8B5E8D96155043C600E74CC7 /* MainMenu_iPhone.xib */,
				8B5E8D98155044C500E74CC7 /* MainMenu_iPad.xib */,
				8B3D228315530FBA00CCBE25 /* Account Classes */,
				8B5E8D9F15505C4100E74CC7 /* Storage Classes */,
				8B5E8DA015505C4C00E74CC7 /* Monitoring Classes */,
				8B5E8DA115505C5200E74CC7 /* Management Classes */,
				8B3D227E1552F6C000CCBE25 /* Objects */,
				8B7D2524155028ED002370D1 /* Supporting Files */,
			);
			path = AzureManager;
			sourceTree = "<group>";
		};
		8B7D2524155028ED002370D1 /* Supporting Files */ = {
			isa = PBXGroup;
			children = (
				C1C0595615586D2900E2A6C4 /* Images */,
				8B7D2525155028ED002370D1 /* AzureManager-Info.plist */,
				8B7D2526155028ED002370D1 /* InfoPlist.strings */,
				8B7D2529155028ED002370D1 /* main.m */,
				8B7D252B155028ED002370D1 /* AzureManager-Prefix.pch */,
			);
			name = "Supporting Files";
			sourceTree = "<group>";
		};
		8BB3461A1587E1D0001E8924 /* Client */ = {
			isa = PBXGroup;
			children = (
				8B5E8E2C15507D4F00E74CC7 /* WACloudStorageClientDelegate.h */,
				8B5E8E2D15507D4F00E74CC7 /* WACloudStorageClientDelegate.m */,
				8B5E8DA315505E2C00E74CC7 /* ServiceCall.h */,
				8B5E8DA415505E2C00E74CC7 /* ServiceCall.m */,
				8B5E8DA715505E2C00E74CC7 /* WAConfiguration.h */,
				8B5E8DA815505E2C00E74CC7 /* WAConfiguration.m */,
			);
			name = Client;
			sourceTree = "<group>";
		};
		C167AA97155C057200D6564A /* Query Classes */ = {
			isa = PBXGroup;
			children = (
				C167AA87155C053A00D6564A /* SelectQueryVC.h */,
				C167AA88155C053A00D6564A /* SelectQueryVC.m */,
				C167AA89155C053A00D6564A /* SelectQuery.xib */,
				C167AAAE155C221300D6564A /* QueryDetailsVC.h */,
				C167AAAF155C221300D6564A /* QueryDetailsVC.m */,
				C167AAB0155C221400D6564A /* QueryDetails.xib */,
				C167AA92155C057000D6564A /* AddKeysVC.h */,
				C167AA93155C057000D6564A /* AddKeysVC.m */,
				C167AA94155C057000D6564A /* AddKeys.xib */,
			);
			name = "Query Classes";
			sourceTree = "<group>";
		};
		C1C0595615586D2900E2A6C4 /* Images */ = {
			isa = PBXGroup;
			children = (
				C150E8F5156E80F000DD2B06 /* movie_icon.png */,
				C150E8D9156D7DC600DD2B06 /* camera-icon.jpg */,
				C150E8D7156D7CEB00DD2B06 /* worddoc_icon.jpg */,
				C150E8A5156D6E5700DD2B06 /* pdf_icon.jpg */,
				C150E8A3156D6E2C00DD2B06 /* question_icon.jpg */,
				C184BD351566EE1C0064DAB8 /* buttonImage.png */,
				C184BD361566EE1C0064DAB8 /* buttonImage@2x.png */,
				C167AAC5155C27DF00D6564A /* iphone-plus-sign-icon.jpg */,
				C167AA9C155C13F000D6564A /* IsSelected.png */,
				C167AA9D155C13F000D6564A /* NotSelected.png */,
				C1C0595715586D2900E2A6C4 /* BtnBG_03.png */,
			);
			path = Images;
			sourceTree = SOURCE_ROOT;
		};
		C1DFF40E1587A6B700B15CFE /* Client */ = {
			isa = PBXGroup;
			children = (
				8B9D1FA71587EECB00566708 /* WACloudManageClientDelegate.h */,
				8BB346161587E188001E8924 /* WAAuthManageCred.h */,
				8BB346171587E188001E8924 /* WAAuthManageCred.m */,
				C1DFF4121587A6C200B15CFE /* WACloudManageClient.h */,
				C1DFF4131587A6C200B15CFE /* WACloudManageClient.m */,
			);
			name = Client;
			sourceTree = "<group>";
		};
		C1FC3CF015937D670050E146 /* TBXML */ = {
			isa = PBXGroup;
			children = (
				C1FC3CF115937D670050E146 /* NSDataAdditions.h */,
				C1FC3CF215937D670050E146 /* NSDataAdditions.m */,
				C1FC3CF315937D670050E146 /* TBXML.h */,
				C1FC3CF415937D670050E146 /* TBXML.m */,
			);
			path = TBXML;
			sourceTree = "<group>";
		};
		C1FC3CFD15937E010050E146 /* ASIHTTPRequest */ = {
			isa = PBXGroup;
			children = (
				C1FC3CFE15937E010050E146 /* ASIAuthenticationDialog.h */,
				C1FC3CFF15937E010050E146 /* ASIAuthenticationDialog.m */,
				C1FC3D0015937E010050E146 /* ASICacheDelegate.h */,
				C1FC3D0115937E010050E146 /* ASIDataCompressor.h */,
				C1FC3D0215937E010050E146 /* ASIDataCompressor.m */,
				C1FC3D0315937E010050E146 /* ASIDataDecompressor.h */,
				C1FC3D0415937E010050E146 /* ASIDataDecompressor.m */,
				C1FC3D0515937E010050E146 /* ASIDownloadCache.h */,
				C1FC3D0615937E010050E146 /* ASIDownloadCache.m */,
				C1FC3D0715937E010050E146 /* ASIFormDataRequest.h */,
				C1FC3D0815937E010050E146 /* ASIFormDataRequest.m */,
				C1FC3D0915937E010050E146 /* ASIHTTPRequest.h */,
				C1FC3D0A15937E010050E146 /* ASIHTTPRequest.m */,
				C1FC3D0B15937E010050E146 /* ASIHTTPRequestConfig.h */,
				C1FC3D0C15937E010050E146 /* ASIHTTPRequestDelegate.h */,
				C1FC3D0D15937E010050E146 /* ASIInputStream.h */,
				C1FC3D0E15937E010050E146 /* ASIInputStream.m */,
				C1FC3D0F15937E010050E146 /* ASINetworkQueue.h */,
				C1FC3D1015937E010050E146 /* ASINetworkQueue.m */,
				C1FC3D1115937E010050E146 /* ASIProgressDelegate.h */,
				C1FC3D1215937E010050E146 /* Reachability.h */,
				C1FC3D1315937E010050E146 /* Reachability.m */,
				C1FC3D1415937E010050E146 /* Tests */,
			);
			path = ASIHTTPRequest;
			sourceTree = "<group>";
		};
		C1FC3D1415937E010050E146 /* Tests */ = {
			isa = PBXGroup;
			children = (
			);
			path = Tests;
			sourceTree = "<group>";
		};
/* End PBXGroup section */

/* Begin PBXNativeTarget section */
		8B7D2518155028ED002370D1 /* AzureManager */ = {
			isa = PBXNativeTarget;
			buildConfigurationList = 8B7D253A155028ED002370D1 /* Build configuration list for PBXNativeTarget "AzureManager" */;
			buildPhases = (
				8B7D2515155028ED002370D1 /* Sources */,
				8B7D2516155028ED002370D1 /* Frameworks */,
				8B7D2517155028ED002370D1 /* Resources */,
			);
			buildRules = (
			);
			dependencies = (
			);
			name = AzureManager;
			productName = AzureManager;
			productReference = 8B7D2519155028ED002370D1 /* AzureManager.app */;
			productType = "com.apple.product-type.application";
		};
/* End PBXNativeTarget section */

/* Begin PBXProject section */
		8B7D2510155028EC002370D1 /* Project object */ = {
			isa = PBXProject;
			attributes = {
				LastUpgradeCheck = 0430;
				ORGANIZATIONNAME = "Vurgood Apps";
			};
			buildConfigurationList = 8B7D2513155028EC002370D1 /* Build configuration list for PBXProject "AzureManager" */;
			compatibilityVersion = "Xcode 3.2";
			developmentRegion = English;
			hasScannedForEncodings = 0;
			knownRegions = (
				en,
			);
			mainGroup = 8B7D250E155028EC002370D1;
			productRefGroup = 8B7D251A155028ED002370D1 /* Products */;
			projectDirPath = "";
			projectRoot = "";
			targets = (
				8B7D2518155028ED002370D1 /* AzureManager */,
			);
		};
/* End PBXProject section */

/* Begin PBXResourcesBuildPhase section */
		8B7D2517155028ED002370D1 /* Resources */ = {
			isa = PBXResourcesBuildPhase;
			buildActionMask = 2147483647;
			files = (
				8B7D2528155028ED002370D1 /* InfoPlist.strings in Resources */,
				8B5E8D97155043C600E74CC7 /* MainMenu_iPhone.xib in Resources */,
				8B5E8D99155044C500E74CC7 /* MainMenu_iPad.xib in Resources */,
				8B5E8D9E15505C3B00E74CC7 /* StorageSelection.xib in Resources */,
				8B5E8E3715507E5D00E74CC7 /* TablesList.xib in Resources */,
				8B7C16C515517D8B007D5A8C /* EntitiesList.xib in Resources */,
				8B7C16CF1551843B007D5A8C /* ContainerList.xib in Resources */,
				8B7C16D4155187B7007D5A8C /* BlobList.xib in Resources */,
				8B7C16D915518A45007D5A8C /* BlobImageView.xib in Resources */,
				8B7C16DE15519113007D5A8C /* QueueList.xib in Resources */,
				8B7C16E315519476007D5A8C /* QMessageList.xib in Resources */,
				8B3D22731552F36200CCBE25 /* AccountSelection_iPhone.xib in Resources */,
				8B3D22761552F39800CCBE25 /* AccountSelection_iPad.xib in Resources */,
				8B3D228D15530FF900CCBE25 /* NewAccount.xib in Resources */,
				C1C0595815586D2900E2A6C4 /* BtnBG_03.png in Resources */,
				8BE9169C155A00D000B48D92 /* EntityDetail.xib in Resources */,
				8B18E933155A0EF700E2DAA0 /* PropertyDetail.xib in Resources */,
				C167AA8B155C053A00D6564A /* SelectQuery.xib in Resources */,
				C167AA96155C057000D6564A /* AddKeys.xib in Resources */,
				C167AA9E155C13F000D6564A /* IsSelected.png in Resources */,
				C167AA9F155C13F000D6564A /* NotSelected.png in Resources */,
				C167AAB2155C221400D6564A /* QueryDetails.xib in Resources */,
				C167AAC6155C27DF00D6564A /* iphone-plus-sign-icon.jpg in Resources */,
				C184BD371566EE1C0064DAB8 /* buttonImage.png in Resources */,
				C184BD381566EE1C0064DAB8 /* buttonImage@2x.png in Resources */,
				C150E8A4156D6E2C00DD2B06 /* question_icon.jpg in Resources */,
				C150E8A6156D6E5700DD2B06 /* pdf_icon.jpg in Resources */,
				C150E8AB156D6ECF00DD2B06 /* BlobWebView.xib in Resources */,
				C150E8D8156D7CEB00DD2B06 /* worddoc_icon.jpg in Resources */,
				C150E8DA156D7DC600DD2B06 /* camera-icon.jpg in Resources */,
				C150E8F6156E80F000DD2B06 /* movie_icon.png in Resources */,
				8B9D1FB21587F71100566708 /* HostedServicesList.xib in Resources */,
				C15840CA15936A70002D2B7F /* MonitoringTypeSel.xib in Resources */,
				C1FC3D5B1598B6160050E146 /* MonitoringSettings.xib in Resources */,
				C1FC3D92159CBAF50050E146 /* ManagementSel.xib in Resources */,
			);
			runOnlyForDeploymentPostprocessing = 0;
		};
/* End PBXResourcesBuildPhase section */

/* Begin PBXSourcesBuildPhase section */
		8B7D2515155028ED002370D1 /* Sources */ = {
			isa = PBXSourcesBuildPhase;
			buildActionMask = 2147483647;
			files = (
				8B7D252A155028ED002370D1 /* main.m in Sources */,
				8B7D252E155028ED002370D1 /* AppDelegate.m in Sources */,
				8B5E8D94155043A200E74CC7 /* MainMenuVC.m in Sources */,
				8B5E8D9D15505C3B00E74CC7 /* StorageSelectionVC.m in Sources */,
				8B5E8DA915505E2C00E74CC7 /* ServiceCall.m in Sources */,
				8B5E8DAA15505E2C00E74CC7 /* UIViewController+ShowError.m in Sources */,
				8B5E8DAB15505E2C00E74CC7 /* WAConfiguration.m in Sources */,
				8B5E8E1B1550792B00E74CC7 /* MBProgressHUD.m in Sources */,
				8B5E8E1C1550792B00E74CC7 /* UIViewController+UIElements.m in Sources */,
				8B5E8E2E15507D4F00E74CC7 /* WACloudStorageClientDelegate.m in Sources */,
				8B5E8E3615507E5D00E74CC7 /* TablesListVC.m in Sources */,
				8B5E8E66155090BA00E74CC7 /* WASimpleBase64.m in Sources */,
				8B5E8E67155090BA00E74CC7 /* Logging.m in Sources */,
				8B5E8E68155090BA00E74CC7 /* WAAtomPubEntry.m in Sources */,
				8B5E8E69155090BA00E74CC7 /* WABlobParser.m in Sources */,
				8B5E8E6A155090BA00E74CC7 /* WAContainerParser.m in Sources */,
				8B5E8E6B155090BA00E74CC7 /* WAQueueMessageParser.m in Sources */,
				8B5E8E6C155090BA00E74CC7 /* WAQueueParser.m in Sources */,
				8B5E8E6D155090BA00E74CC7 /* WAXMLHelper.m in Sources */,
				8B5E8E6E155090BA00E74CC7 /* WAAzureFilterBuilder.m in Sources */,
				8B5E8E6F155090BA00E74CC7 /* WAPredicateParser.m in Sources */,
				8B5E8E70155090BA00E74CC7 /* WACloudURLRequest.m in Sources */,
				8B7C16C415517D8B007D5A8C /* EntitiesListVC.m in Sources */,
				8B7C16CE1551843B007D5A8C /* ContainerListVC.m in Sources */,
				8B7C16D3155187B7007D5A8C /* BlobListVC.m in Sources */,
				8B7C16D815518A45007D5A8C /* BlobImageViewVC.m in Sources */,
				8B7C16DD15519113007D5A8C /* QueueListVC.m in Sources */,
				8B7C16E215519476007D5A8C /* QMessageListVC.m in Sources */,
				8B3D22721552F36200CCBE25 /* AccountSelectionVC.m in Sources */,
				8B3D227D1552F6A300CCBE25 /* AccountData.m in Sources */,
				8B3D228C15530FF900CCBE25 /* NewAccountVC.m in Sources */,
				8B3D22941553173200CCBE25 /* WAConfig.m in Sources */,
				8B3D22AD155329CE00CCBE25 /* EntityTableViewCell.m in Sources */,
				8BE9169B155A00D000B48D92 /* EntityDetailVC.m in Sources */,
				8B18E932155A0EF700E2DAA0 /* PropertyDetailVC.m in Sources */,
				C167AA8A155C053A00D6564A /* SelectQueryVC.m in Sources */,
				C167AA95155C057000D6564A /* AddKeysVC.m in Sources */,
				C167AAB1155C221400D6564A /* QueryDetailsVC.m in Sources */,
				C167AAC1155C26BC00D6564A /* WAQuery.m in Sources */,
				C167AACD155C4BF100D6564A /* WAQueryKey.m in Sources */,
				C184BD331566EDF30064DAB8 /* MyButton.m in Sources */,
				C150E8AA156D6ECF00DD2B06 /* BlobWebViewVC.m in Sources */,
				C1DFF4151587A6C200B15CFE /* WACloudManageClient.m in Sources */,
				8BB346181587E188001E8924 /* WAAuthManageCred.m in Sources */,
				8B9D1FB11587F71100566708 /* HostedServicesListVC.m in Sources */,
				C15840C915936A70002D2B7F /* MonitoringTypeSelVC.m in Sources */,
				C1FC3CF515937D670050E146 /* NSDataAdditions.m in Sources */,
				C1FC3CF615937D670050E146 /* TBXML.m in Sources */,
				C1FC3D1515937E010050E146 /* ASIAuthenticationDialog.m in Sources */,
				C1FC3D1615937E010050E146 /* ASIDataCompressor.m in Sources */,
				C1FC3D1715937E010050E146 /* ASIDataDecompressor.m in Sources */,
				C1FC3D1815937E010050E146 /* ASIDownloadCache.m in Sources */,
				C1FC3D1915937E010050E146 /* ASIFormDataRequest.m in Sources */,
				C1FC3D1A15937E010050E146 /* ASIHTTPRequest.m in Sources */,
				C1FC3D1B15937E010050E146 /* ASIInputStream.m in Sources */,
				C1FC3D1C15937E010050E146 /* ASINetworkQueue.m in Sources */,
				C1FC3D1D15937E010050E146 /* Reachability.m in Sources */,
				C1FC3D5A1598B6160050E146 /* MonitoringSettingsVC.m in Sources */,
				C1FC3D91159CBAF50050E146 /* ManagementSelVC.m in Sources */,
			);
			runOnlyForDeploymentPostprocessing = 0;
		};
/* End PBXSourcesBuildPhase section */

/* Begin PBXVariantGroup section */
		8B7D2526155028ED002370D1 /* InfoPlist.strings */ = {
			isa = PBXVariantGroup;
			children = (
				8B7D2527155028ED002370D1 /* en */,
			);
			name = InfoPlist.strings;
			sourceTree = "<group>";
		};
/* End PBXVariantGroup section */

/* Begin XCBuildConfiguration section */
		8B7D2538155028ED002370D1 /* Debug */ = {
			isa = XCBuildConfiguration;
			buildSettings = {
				ALWAYS_SEARCH_USER_PATHS = NO;
				ARCHS = "$(ARCHS_STANDARD_32_BIT)";
				CLANG_ENABLE_OBJC_ARC = YES;
				"CODE_SIGN_IDENTITY[sdk=iphoneos*]" = "iPhone Developer: Aidan Murphy (RPD3PJSWHL)";
				COPY_PHASE_STRIP = NO;
				GCC_C_LANGUAGE_STANDARD = gnu99;
				GCC_DYNAMIC_NO_PIC = NO;
				GCC_OPTIMIZATION_LEVEL = 0;
				GCC_PREPROCESSOR_DEFINITIONS = (
					"DEBUG=1",
					"$(inherited)",
				);
				GCC_SYMBOLS_PRIVATE_EXTERN = NO;
				GCC_VERSION = com.apple.compilers.llvm.clang.1_0;
				GCC_WARN_ABOUT_RETURN_TYPE = YES;
				GCC_WARN_UNINITIALIZED_AUTOS = YES;
				GCC_WARN_UNUSED_VARIABLE = YES;
				IPHONEOS_DEPLOYMENT_TARGET = 5.1;
				ONLY_ACTIVE_ARCH = YES;
				"PROVISIONING_PROFILE[sdk=iphoneos*]" = "7464B92C-6EC7-4F8F-A28A-DF3ECDED8625";
				SDKROOT = iphoneos;
				TARGETED_DEVICE_FAMILY = "1,2";
				VALID_ARCHS = "armv6 armv7";
			};
			name = Debug;
		};
		8B7D2539155028ED002370D1 /* Release */ = {
			isa = XCBuildConfiguration;
			buildSettings = {
				ALWAYS_SEARCH_USER_PATHS = NO;
				ARCHS = "$(ARCHS_STANDARD_32_BIT)";
				CLANG_ENABLE_OBJC_ARC = YES;
				"CODE_SIGN_IDENTITY[sdk=iphoneos*]" = "iPhone Developer";
				COPY_PHASE_STRIP = YES;
				GCC_C_LANGUAGE_STANDARD = gnu99;
				GCC_VERSION = com.apple.compilers.llvm.clang.1_0;
				GCC_WARN_ABOUT_RETURN_TYPE = YES;
				GCC_WARN_UNINITIALIZED_AUTOS = YES;
				GCC_WARN_UNUSED_VARIABLE = YES;
				IPHONEOS_DEPLOYMENT_TARGET = 5.1;
				ONLY_ACTIVE_ARCH = YES;
				OTHER_CFLAGS = "-DNS_BLOCK_ASSERTIONS=1";
				SDKROOT = iphoneos;
				TARGETED_DEVICE_FAMILY = "1,2";
				VALIDATE_PRODUCT = YES;
				VALID_ARCHS = "armv6 armv7";
			};
			name = Release;
		};
		8B7D253B155028ED002370D1 /* Debug */ = {
			isa = XCBuildConfiguration;
			buildSettings = {
				GCC_PRECOMPILE_PREFIX_HEADER = YES;
				GCC_PREFIX_HEADER = "AzureManager/AzureManager-Prefix.pch";
				HEADER_SEARCH_PATHS = "$(SDKROOT)/usr/include/libxml2";
				INFOPLIST_FILE = "AzureManager/AzureManager-Info.plist";
				LIBRARY_SEARCH_PATHS = (
					"$(inherited)",
					"\"$(SRCROOT)/AzureManager/ThirdPartyLibs/WAToolkit\"",
				);
				PRODUCT_NAME = "$(TARGET_NAME)";
				WRAPPER_EXTENSION = app;
			};
			name = Debug;
		};
		8B7D253C155028ED002370D1 /* Release */ = {
			isa = XCBuildConfiguration;
			buildSettings = {
				GCC_PRECOMPILE_PREFIX_HEADER = YES;
				GCC_PREFIX_HEADER = "AzureManager/AzureManager-Prefix.pch";
				HEADER_SEARCH_PATHS = "$(SDKROOT)/usr/include/libxml2";
				INFOPLIST_FILE = "AzureManager/AzureManager-Info.plist";
				LIBRARY_SEARCH_PATHS = (
					"$(inherited)",
					"\"$(SRCROOT)/AzureManager/ThirdPartyLibs/WAToolkit\"",
				);
				PRODUCT_NAME = "$(TARGET_NAME)";
				WRAPPER_EXTENSION = app;
			};
			name = Release;
		};
/* End XCBuildConfiguration section */

/* Begin XCConfigurationList section */
		8B7D2513155028EC002370D1 /* Build configuration list for PBXProject "AzureManager" */ = {
			isa = XCConfigurationList;
			buildConfigurations = (
				8B7D2538155028ED002370D1 /* Debug */,
				8B7D2539155028ED002370D1 /* Release */,
			);
			defaultConfigurationIsVisible = 0;
			defaultConfigurationName = Release;
		};
		8B7D253A155028ED002370D1 /* Build configuration list for PBXNativeTarget "AzureManager" */ = {
			isa = XCConfigurationList;
			buildConfigurations = (
				8B7D253B155028ED002370D1 /* Debug */,
				8B7D253C155028ED002370D1 /* Release */,
			);
			defaultConfigurationIsVisible = 0;
			defaultConfigurationName = Release;
		};
/* End XCConfigurationList section */
	};
	rootObject = 8B7D2510155028EC002370D1 /* Project object */;
}
